// !$*UTF8*$!
{
	archiveVersion = 1;
	classes = {
	};
	objectVersion = 55;
	objects = {

/* Begin PBXBuildFile section */
		047BB5C62803A96500CD5749 /* main.cpp in Sources */ = {isa = PBXBuildFile; fileRef = 047BB5C52803A96500CD5749 /* main.cpp */; };
/* End PBXBuildFile section */

/* Begin PBXCopyFilesBuildPhase section */
		047BB5C02803A96500CD5749 /* CopyFiles */ = {
			isa = PBXCopyFilesBuildPhase;
			buildActionMask = 2147483647;
			dstPath = /usr/share/man/man1/;
			dstSubfolderSpec = 0;
			files = (
			);
			runOnlyForDeploymentPostprocessing = 1;
		};
/* End PBXCopyFilesBuildPhase section */

/* Begin PBXFileReference section */
		047BB5C22803A96500CD5749 /* apps */ = {isa = PBXFileReference; explicitFileType = "compiled.mach-o.executable"; includeInIndex = 0; path = apps; sourceTree = BUILT_PRODUCTS_DIR; };
		047BB5C52803A96500CD5749 /* main.cpp */ = {isa = PBXFileReference; lastKnownFileType = sourcecode.cpp.cpp; path = main.cpp; sourceTree = "<group>"; };
		047BB5D02803A99E00CD5749 /* libvox.render.a */ = {isa = PBXFileReference; explicitFileType = archive.ar; includeInIndex = 0; path = libvox.render.a; sourceTree = BUILT_PRODUCTS_DIR; };
		047BB5DF2803A9B700CD5749 /* libvox.math.a */ = {isa = PBXFileReference; explicitFileType = archive.ar; includeInIndex = 0; path = libvox.math.a; sourceTree = BUILT_PRODUCTS_DIR; };
/* End PBXFileReference section */

/* Begin PBXFrameworksBuildPhase section */
		047BB5BF2803A96500CD5749 /* Frameworks */ = {
			isa = PBXFrameworksBuildPhase;
			buildActionMask = 2147483647;
			files = (
			);
			runOnlyForDeploymentPostprocessing = 0;
		};
		047BB5CE2803A99E00CD5749 /* Frameworks */ = {
			isa = PBXFrameworksBuildPhase;
			buildActionMask = 2147483647;
			files = (
			);
			runOnlyForDeploymentPostprocessing = 0;
		};
		047BB5DD2803A9B700CD5749 /* Frameworks */ = {
			isa = PBXFrameworksBuildPhase;
			buildActionMask = 2147483647;
			files = (
			);
			runOnlyForDeploymentPostprocessing = 0;
		};
/* End PBXFrameworksBuildPhase section */

/* Begin PBXGroup section */
		047BB5B92803A96500CD5749 = {
			isa = PBXGroup;
			children = (
				047BB5E02803A9B700CD5749 /* vox.math */,
				047BB5D12803A99E00CD5749 /* vox.render */,
				047BB5C42803A96500CD5749 /* apps */,
				047BB5C32803A96500CD5749 /* Products */,
			);
			sourceTree = "<group>";
		};
		047BB5C32803A96500CD5749 /* Products */ = {
			isa = PBXGroup;
			children = (
				047BB5C22803A96500CD5749 /* apps */,
				047BB5D02803A99E00CD5749 /* libvox.render.a */,
				047BB5DF2803A9B700CD5749 /* libvox.math.a */,
			);
			name = Products;
			sourceTree = "<group>";
		};
		047BB5C42803A96500CD5749 /* apps */ = {
			isa = PBXGroup;
			children = (
				047BB5C52803A96500CD5749 /* main.cpp */,
			);
			path = apps;
			sourceTree = "<group>";
		};
		047BB5D12803A99E00CD5749 /* vox.render */ = {
			isa = PBXGroup;
			children = (
			);
			path = vox.render;
			sourceTree = "<group>";
		};
		047BB5E02803A9B700CD5749 /* vox.math */ = {
			isa = PBXGroup;
			children = (
			);
			path = vox.math;
			sourceTree = "<group>";
		};
/* End PBXGroup section */

/* Begin PBXHeadersBuildPhase section */
		047BB5CC2803A99E00CD5749 /* Headers */ = {
			isa = PBXHeadersBuildPhase;
			buildActionMask = 2147483647;
			files = (
			);
			runOnlyForDeploymentPostprocessing = 0;
		};
		047BB5DB2803A9B700CD5749 /* Headers */ = {
			isa = PBXHeadersBuildPhase;
			buildActionMask = 2147483647;
			files = (
			);
			runOnlyForDeploymentPostprocessing = 0;
		};
/* End PBXHeadersBuildPhase section */

/* Begin PBXNativeTarget section */
		047BB5C12803A96500CD5749 /* apps */ = {
			isa = PBXNativeTarget;
			buildConfigurationList = 047BB5C92803A96500CD5749 /* Build configuration list for PBXNativeTarget "apps" */;
			buildPhases = (
				047BB5BE2803A96500CD5749 /* Sources */,
				047BB5BF2803A96500CD5749 /* Frameworks */,
				047BB5C02803A96500CD5749 /* CopyFiles */,
			);
			buildRules = (
			);
			dependencies = (
			);
			name = apps;
			productName = DigitalVox5;
			productReference = 047BB5C22803A96500CD5749 /* apps */;
			productType = "com.apple.product-type.tool";
		};
		047BB5CF2803A99E00CD5749 /* vox.render */ = {
			isa = PBXNativeTarget;
			buildConfigurationList = 047BB5D82803A99E00CD5749 /* Build configuration list for PBXNativeTarget "vox.render" */;
			buildPhases = (
				047BB5CC2803A99E00CD5749 /* Headers */,
				047BB5CD2803A99E00CD5749 /* Sources */,
				047BB5CE2803A99E00CD5749 /* Frameworks */,
			);
			buildRules = (
			);
			dependencies = (
			);
			name = vox.render;
			productName = vox.render;
			productReference = 047BB5D02803A99E00CD5749 /* libvox.render.a */;
			productType = "com.apple.product-type.library.static";
		};
		047BB5DE2803A9B700CD5749 /* vox.math */ = {
			isa = PBXNativeTarget;
			buildConfigurationList = 047BB5E72803A9B700CD5749 /* Build configuration list for PBXNativeTarget "vox.math" */;
			buildPhases = (
				047BB5DB2803A9B700CD5749 /* Headers */,
				047BB5DC2803A9B700CD5749 /* Sources */,
				047BB5DD2803A9B700CD5749 /* Frameworks */,
			);
			buildRules = (
			);
			dependencies = (
			);
			name = vox.math;
			productName = vox.math;
			productReference = 047BB5DF2803A9B700CD5749 /* libvox.math.a */;
			productType = "com.apple.product-type.library.static";
		};
/* End PBXNativeTarget section */

/* Begin PBXProject section */
		047BB5BA2803A96500CD5749 /* Project object */ = {
			isa = PBXProject;
			attributes = {
				BuildIndependentTargetsInParallel = 1;
				LastUpgradeCheck = 1330;
				TargetAttributes = {
					047BB5C12803A96500CD5749 = {
						CreatedOnToolsVersion = 13.3;
					};
					047BB5CF2803A99E00CD5749 = {
						CreatedOnToolsVersion = 13.3;
					};
					047BB5DE2803A9B700CD5749 = {
						CreatedOnToolsVersion = 13.3;
					};
				};
			};
			buildConfigurationList = 047BB5BD2803A96500CD5749 /* Build configuration list for PBXProject "DigitalVox5" */;
			compatibilityVersion = "Xcode 13.0";
			developmentRegion = en;
			hasScannedForEncodings = 0;
			knownRegions = (
				en,
				Base,
			);
			mainGroup = 047BB5B92803A96500CD5749;
			productRefGroup = 047BB5C32803A96500CD5749 /* Products */;
			projectDirPath = "";
			projectRoot = "";
			targets = (
				047BB5DE2803A9B700CD5749 /* vox.math */,
				047BB5CF2803A99E00CD5749 /* vox.render */,
				047BB5C12803A96500CD5749 /* apps */,
			);
		};
/* End PBXProject section */

/* Begin PBXSourcesBuildPhase section */
		047BB5BE2803A96500CD5749 /* Sources */ = {
			isa = PBXSourcesBuildPhase;
			buildActionMask = 2147483647;
			files = (
				047BB5C62803A96500CD5749 /* main.cpp in Sources */,
			);
			runOnlyForDeploymentPostprocessing = 0;
		};
		047BB5CD2803A99E00CD5749 /* Sources */ = {
			isa = PBXSourcesBuildPhase;
			buildActionMask = 2147483647;
			files = (
			);
			runOnlyForDeploymentPostprocessing = 0;
		};
		047BB5DC2803A9B700CD5749 /* Sources */ = {
			isa = PBXSourcesBuildPhase;
			buildActionMask = 2147483647;
			files = (
			);
			runOnlyForDeploymentPostprocessing = 0;
		};
/* End PBXSourcesBuildPhase section */

/* Begin XCBuildConfiguration section */
		047BB5C72803A96500CD5749 /* Debug */ = {
			isa = XCBuildConfiguration;
			buildSettings = {
				ALWAYS_SEARCH_USER_PATHS = NO;
				CLANG_ANALYZER_NONNULL = YES;
				CLANG_ANALYZER_NUMBER_OBJECT_CONVERSION = YES_AGGRESSIVE;
				CLANG_CXX_LANGUAGE_STANDARD = "gnu++17";
				CLANG_ENABLE_MODULES = YES;
				CLANG_ENABLE_OBJC_ARC = YES;
				CLANG_ENABLE_OBJC_WEAK = YES;
				CLANG_WARN_BLOCK_CAPTURE_AUTORELEASING = YES;
				CLANG_WARN_BOOL_CONVERSION = YES;
				CLANG_WARN_COMMA = YES;
				CLANG_WARN_CONSTANT_CONVERSION = YES;
				CLANG_WARN_DEPRECATED_OBJC_IMPLEMENTATIONS = YES;
				CLANG_WARN_DIRECT_OBJC_ISA_USAGE = YES_ERROR;
				CLANG_WARN_DOCUMENTATION_COMMENTS = YES;
				CLANG_WARN_EMPTY_BODY = YES;
				CLANG_WARN_ENUM_CONVERSION = YES;
				CLANG_WARN_INFINITE_RECURSION = YES;
				CLANG_WARN_INT_CONVERSION = YES;
				CLANG_WARN_NON_LITERAL_NULL_CONVERSION = YES;
				CLANG_WARN_OBJC_IMPLICIT_RETAIN_SELF = YES;
				CLANG_WARN_OBJC_LITERAL_CONVERSION = YES;
				CLANG_WARN_OBJC_ROOT_CLASS = YES_ERROR;
				CLANG_WARN_QUOTED_INCLUDE_IN_FRAMEWORK_HEADER = YES;
				CLANG_WARN_RANGE_LOOP_ANALYSIS = YES;
				CLANG_WARN_STRICT_PROTOTYPES = YES;
				CLANG_WARN_SUSPICIOUS_MOVE = YES;
				CLANG_WARN_UNGUARDED_AVAILABILITY = YES_AGGRESSIVE;
				CLANG_WARN_UNREACHABLE_CODE = YES;
				CLANG_WARN__DUPLICATE_METHOD_MATCH = YES;
				COPY_PHASE_STRIP = NO;
				DEBUG_INFORMATION_FORMAT = dwarf;
				ENABLE_STRICT_OBJC_MSGSEND = YES;
				ENABLE_TESTABILITY = YES;
				GCC_C_LANGUAGE_STANDARD = gnu11;
				GCC_DYNAMIC_NO_PIC = NO;
				GCC_NO_COMMON_BLOCKS = YES;
				GCC_OPTIMIZATION_LEVEL = 0;
				GCC_PREPROCESSOR_DEFINITIONS = (
					"DEBUG=1",
					"$(inherited)",
				);
				GCC_WARN_64_TO_32_BIT_CONVERSION = YES;
				GCC_WARN_ABOUT_RETURN_TYPE = YES_ERROR;
				GCC_WARN_UNDECLARED_SELECTOR = YES;
				GCC_WARN_UNINITIALIZED_AUTOS = YES_AGGRESSIVE;
				GCC_WARN_UNUSED_FUNCTION = YES;
				GCC_WARN_UNUSED_VARIABLE = YES;
				MACOSX_DEPLOYMENT_TARGET = 12.3;
				MTL_ENABLE_DEBUG_INFO = INCLUDE_SOURCE;
				MTL_FAST_MATH = YES;
				ONLY_ACTIVE_ARCH = YES;
				SDKROOT = macosx;
			};
			name = Debug;
		};
		047BB5C82803A96500CD5749 /* Release */ = {
			isa = XCBuildConfiguration;
			buildSettings = {
				ALWAYS_SEARCH_USER_PATHS = NO;
				CLANG_ANALYZER_NONNULL = YES;
				CLANG_ANALYZER_NUMBER_OBJECT_CONVERSION = YES_AGGRESSIVE;
				CLANG_CXX_LANGUAGE_STANDARD = "gnu++17";
				CLANG_ENABLE_MODULES = YES;
				CLANG_ENABLE_OBJC_ARC = YES;
				CLANG_ENABLE_OBJC_WEAK = YES;
				CLANG_WARN_BLOCK_CAPTURE_AUTORELEASING = YES;
				CLANG_WARN_BOOL_CONVERSION = YES;
				CLANG_WARN_COMMA = YES;
				CLANG_WARN_CONSTANT_CONVERSION = YES;
				CLANG_WARN_DEPRECATED_OBJC_IMPLEMENTATIONS = YES;
				CLANG_WARN_DIRECT_OBJC_ISA_USAGE = YES_ERROR;
				CLANG_WARN_DOCUMENTATION_COMMENTS = YES;
				CLANG_WARN_EMPTY_BODY = YES;
				CLANG_WARN_ENUM_CONVERSION = YES;
				CLANG_WARN_INFINITE_RECURSION = YES;
				CLANG_WARN_INT_CONVERSION = YES;
				CLANG_WARN_NON_LITERAL_NULL_CONVERSION = YES;
				CLANG_WARN_OBJC_IMPLICIT_RETAIN_SELF = YES;
				CLANG_WARN_OBJC_LITERAL_CONVERSION = YES;
				CLANG_WARN_OBJC_ROOT_CLASS = YES_ERROR;
				CLANG_WARN_QUOTED_INCLUDE_IN_FRAMEWORK_HEADER = YES;
				CLANG_WARN_RANGE_LOOP_ANALYSIS = YES;
				CLANG_WARN_STRICT_PROTOTYPES = YES;
				CLANG_WARN_SUSPICIOUS_MOVE = YES;
				CLANG_WARN_UNGUARDED_AVAILABILITY = YES_AGGRESSIVE;
				CLANG_WARN_UNREACHABLE_CODE = YES;
				CLANG_WARN__DUPLICATE_METHOD_MATCH = YES;
				COPY_PHASE_STRIP = NO;
				DEBUG_INFORMATION_FORMAT = "dwarf-with-dsym";
				ENABLE_NS_ASSERTIONS = NO;
				ENABLE_STRICT_OBJC_MSGSEND = YES;
				GCC_C_LANGUAGE_STANDARD = gnu11;
				GCC_NO_COMMON_BLOCKS = YES;
				GCC_WARN_64_TO_32_BIT_CONVERSION = YES;
				GCC_WARN_ABOUT_RETURN_TYPE = YES_ERROR;
				GCC_WARN_UNDECLARED_SELECTOR = YES;
				GCC_WARN_UNINITIALIZED_AUTOS = YES_AGGRESSIVE;
				GCC_WARN_UNUSED_FUNCTION = YES;
				GCC_WARN_UNUSED_VARIABLE = YES;
				MACOSX_DEPLOYMENT_TARGET = 12.3;
				MTL_ENABLE_DEBUG_INFO = NO;
				MTL_FAST_MATH = YES;
				SDKROOT = macosx;
			};
			name = Release;
		};
		047BB5CA2803A96500CD5749 /* Debug */ = {
			isa = XCBuildConfiguration;
			buildSettings = {
				CODE_SIGN_STYLE = Automatic;
				DEVELOPMENT_TEAM = 4SL5L673UU;
				ENABLE_HARDENED_RUNTIME = YES;
				PRODUCT_NAME = "$(TARGET_NAME)";
			};
			name = Debug;
		};
		047BB5CB2803A96500CD5749 /* Release */ = {
			isa = XCBuildConfiguration;
			buildSettings = {
				CODE_SIGN_STYLE = Automatic;
				DEVELOPMENT_TEAM = 4SL5L673UU;
				ENABLE_HARDENED_RUNTIME = YES;
				PRODUCT_NAME = "$(TARGET_NAME)";
			};
			name = Release;
		};
		047BB5D92803A99E00CD5749 /* Debug */ = {
			isa = XCBuildConfiguration;
			buildSettings = {
				CODE_SIGN_STYLE = Automatic;
				DEVELOPMENT_TEAM = 4SL5L673UU;
				EXECUTABLE_PREFIX = lib;
				GCC_ENABLE_CPP_EXCEPTIONS = YES;
				GCC_ENABLE_CPP_RTTI = YES;
				PRODUCT_NAME = "$(TARGET_NAME)";
				SKIP_INSTALL = YES;
			};
			name = Debug;
		};
		047BB5DA2803A99E00CD5749 /* Release */ = {
			isa = XCBuildConfiguration;
			buildSettings = {
				CODE_SIGN_STYLE = Automatic;
				DEVELOPMENT_TEAM = 4SL5L673UU;
				EXECUTABLE_PREFIX = lib;
				GCC_ENABLE_CPP_EXCEPTIONS = YES;
				GCC_ENABLE_CPP_RTTI = YES;
				PRODUCT_NAME = "$(TARGET_NAME)";
				SKIP_INSTALL = YES;
			};
			name = Release;
		};
		047BB5E82803A9B700CD5749 /* Debug */ = {
			isa = XCBuildConfiguration;
			buildSettings = {
				CODE_SIGN_STYLE = Automatic;
				DEVELOPMENT_TEAM = 4SL5L673UU;
				EXECUTABLE_PREFIX = lib;
				GCC_ENABLE_CPP_EXCEPTIONS = YES;
				GCC_ENABLE_CPP_RTTI = YES;
				PRODUCT_NAME = "$(TARGET_NAME)";
				SKIP_INSTALL = YES;
			};
			name = Debug;
		};
		047BB5E92803A9B700CD5749 /* Release */ = {
			isa = XCBuildConfiguration;
			buildSettings = {
				CODE_SIGN_STYLE = Automatic;
				DEVELOPMENT_TEAM = 4SL5L673UU;
				EXECUTABLE_PREFIX = lib;
				GCC_ENABLE_CPP_EXCEPTIONS = YES;
				GCC_ENABLE_CPP_RTTI = YES;
				PRODUCT_NAME = "$(TARGET_NAME)";
				SKIP_INSTALL = YES;
			};
			name = Release;
		};
/* End XCBuildConfiguration section */

/* Begin XCConfigurationList section */
		047BB5BD2803A96500CD5749 /* Build configuration list for PBXProject "DigitalVox5" */ = {
			isa = XCConfigurationList;
			buildConfigurations = (
				047BB5C72803A96500CD5749 /* Debug */,
				047BB5C82803A96500CD5749 /* Release */,
			);
			defaultConfigurationIsVisible = 0;
			defaultConfigurationName = Release;
		};
		047BB5C92803A96500CD5749 /* Build configuration list for PBXNativeTarget "apps" */ = {
			isa = XCConfigurationList;
			buildConfigurations = (
				047BB5CA2803A96500CD5749 /* Debug */,
				047BB5CB2803A96500CD5749 /* Release */,
			);
			defaultConfigurationIsVisible = 0;
			defaultConfigurationName = Release;
		};
		047BB5D82803A99E00CD5749 /* Build configuration list for PBXNativeTarget "vox.render" */ = {
			isa = XCConfigurationList;
			buildConfigurations = (
				047BB5D92803A99E00CD5749 /* Debug */,
				047BB5DA2803A99E00CD5749 /* Release */,
			);
			defaultConfigurationIsVisible = 0;
			defaultConfigurationName = Release;
		};
		047BB5E72803A9B700CD5749 /* Build configuration list for PBXNativeTarget "vox.math" */ = {
			isa = XCConfigurationList;
			buildConfigurations = (
				047BB5E82803A9B700CD5749 /* Debug */,
				047BB5E92803A9B700CD5749 /* Release */,
			);
			defaultConfigurationIsVisible = 0;
			defaultConfigurationName = Release;
		};
/* End XCConfigurationList section */
	};
	rootObject = 047BB5BA2803A96500CD5749 /* Project object */;
}
