// !$*UTF8*$!
{
	archiveVersion = 1;
	classes = {
	};
	objectVersion = 55;
	objects = {

/* Begin PBXBuildFile section */
		0444E4882803C73E00C6F279 /* point2.h in Headers */ = {isa = PBXBuildFile; fileRef = 0444E42A2803C73C00C6F279 /* point2.h */; };
		0444E4892803C73E00C6F279 /* matrix_utils.h in Headers */ = {isa = PBXBuildFile; fileRef = 0444E42B2803C73C00C6F279 /* matrix_utils.h */; };
		0444E48A2803C73E00C6F279 /* constants.h in Headers */ = {isa = PBXBuildFile; fileRef = 0444E42C2803C73C00C6F279 /* constants.h */; };
		0444E48B2803C73E00C6F279 /* bounding_plane2.h in Headers */ = {isa = PBXBuildFile; fileRef = 0444E42D2803C73C00C6F279 /* bounding_plane2.h */; };
		0444E48C2803C73E00C6F279 /* point3-inl.h in Headers */ = {isa = PBXBuildFile; fileRef = 0444E42E2803C73C00C6F279 /* point3-inl.h */; };
		0444E48D2803C73E00C6F279 /* matrix2x2.h in Headers */ = {isa = PBXBuildFile; fileRef = 0444E42F2803C73C00C6F279 /* matrix2x2.h */; };
		0444E48E2803C73E00C6F279 /* level_set_utils.h in Headers */ = {isa = PBXBuildFile; fileRef = 0444E4302803C73C00C6F279 /* level_set_utils.h */; };
		0444E48F2803C73E00C6F279 /* bounding_box2-inl.h in Headers */ = {isa = PBXBuildFile; fileRef = 0444E4312803C73C00C6F279 /* bounding_box2-inl.h */; };
		0444E4902803C73E00C6F279 /* collision_utils.cpp in Sources */ = {isa = PBXBuildFile; fileRef = 0444E4322803C73C00C6F279 /* collision_utils.cpp */; };
		0444E4912803C73E00C6F279 /* intersection_query_engine2.h in Headers */ = {isa = PBXBuildFile; fileRef = 0444E4332803C73C00C6F279 /* intersection_query_engine2.h */; };
		0444E4922803C73E00C6F279 /* matrix_expression.h in Headers */ = {isa = PBXBuildFile; fileRef = 0444E4342803C73C00C6F279 /* matrix_expression.h */; };
		0444E4932803C73E00C6F279 /* intersection_query_engine3.h in Headers */ = {isa = PBXBuildFile; fileRef = 0444E4352803C73C00C6F279 /* intersection_query_engine3.h */; };
		0444E4942803C73E00C6F279 /* point2-inl.h in Headers */ = {isa = PBXBuildFile; fileRef = 0444E4362803C73C00C6F279 /* point2-inl.h */; };
		0444E4952803C73E00C6F279 /* ray3-inl.h in Headers */ = {isa = PBXBuildFile; fileRef = 0444E4372803C73C00C6F279 /* ray3-inl.h */; };
		0444E4962803C73E00C6F279 /* size-inl.h in Headers */ = {isa = PBXBuildFile; fileRef = 0444E4382803C73C00C6F279 /* size-inl.h */; };
		0444E4972803C73E00C6F279 /* bounding_box3-inl.h in Headers */ = {isa = PBXBuildFile; fileRef = 0444E4392803C73C00C6F279 /* bounding_box3-inl.h */; };
		0444E4982803C73E00C6F279 /* bounding_frustum.cpp in Sources */ = {isa = PBXBuildFile; fileRef = 0444E43A2803C73C00C6F279 /* bounding_frustum.cpp */; };
		0444E4992803C73E00C6F279 /* quaternion-inl.h in Headers */ = {isa = PBXBuildFile; fileRef = 0444E43B2803C73C00C6F279 /* quaternion-inl.h */; };
		0444E49A2803C73E00C6F279 /* size3-inl.h in Headers */ = {isa = PBXBuildFile; fileRef = 0444E43C2803C73C00C6F279 /* size3-inl.h */; };
		0444E49B2803C73E00C6F279 /* size3.h in Headers */ = {isa = PBXBuildFile; fileRef = 0444E43D2803C73C00C6F279 /* size3.h */; };
		0444E49C2803C73E00C6F279 /* bvh3.h in Headers */ = {isa = PBXBuildFile; fileRef = 0444E43E2803C73C00C6F279 /* bvh3.h */; };
		0444E49D2803C73E00C6F279 /* transform3.h in Headers */ = {isa = PBXBuildFile; fileRef = 0444E43F2803C73C00C6F279 /* transform3.h */; };
		0444E49E2803C73E00C6F279 /* vector_expression.h in Headers */ = {isa = PBXBuildFile; fileRef = 0444E4402803C73C00C6F279 /* vector_expression.h */; };
		0444E49F2803C73E00C6F279 /* level_set_utils-inl.h in Headers */ = {isa = PBXBuildFile; fileRef = 0444E4412803C73C00C6F279 /* level_set_utils-inl.h */; };
		0444E4A02803C73E00C6F279 /* octree-inl.h in Headers */ = {isa = PBXBuildFile; fileRef = 0444E4422803C73C00C6F279 /* octree-inl.h */; };
		0444E4A12803C73E00C6F279 /* size2-inl.h in Headers */ = {isa = PBXBuildFile; fileRef = 0444E4432803C73C00C6F279 /* size2-inl.h */; };
		0444E4A22803C73E00C6F279 /* bounding_box2.h in Headers */ = {isa = PBXBuildFile; fileRef = 0444E4442803C73C00C6F279 /* bounding_box2.h */; };
		0444E4A32803C73E00C6F279 /* size2.h in Headers */ = {isa = PBXBuildFile; fileRef = 0444E4452803C73C00C6F279 /* size2.h */; };
		0444E4A42803C73E00C6F279 /* nearest_neighbor_query_engine2.h in Headers */ = {isa = PBXBuildFile; fileRef = 0444E4462803C73C00C6F279 /* nearest_neighbor_query_engine2.h */; };
		0444E4A52803C73E00C6F279 /* vector-inl.h in Headers */ = {isa = PBXBuildFile; fileRef = 0444E4472803C73C00C6F279 /* vector-inl.h */; };
		0444E4A62803C73E00C6F279 /* octree.h in Headers */ = {isa = PBXBuildFile; fileRef = 0444E4482803C73C00C6F279 /* octree.h */; };
		0444E4A72803C73E00C6F279 /* point.h in Headers */ = {isa = PBXBuildFile; fileRef = 0444E4492803C73C00C6F279 /* point.h */; };
		0444E4A82803C73E00C6F279 /* functors-inl.h in Headers */ = {isa = PBXBuildFile; fileRef = 0444E44A2803C73C00C6F279 /* functors-inl.h */; };
		0444E4A92803C73E00C6F279 /* transform2.h in Headers */ = {isa = PBXBuildFile; fileRef = 0444E44B2803C73C00C6F279 /* transform2.h */; };
		0444E4AA2803C73E00C6F279 /* quaternion.h in Headers */ = {isa = PBXBuildFile; fileRef = 0444E44C2803C73C00C6F279 /* quaternion.h */; };
		0444E4AB2803C73E00C6F279 /* vector4-inl.h in Headers */ = {isa = PBXBuildFile; fileRef = 0444E44D2803C73C00C6F279 /* vector4-inl.h */; };
		0444E4AC2803C73E00C6F279 /* parallel.cpp in Sources */ = {isa = PBXBuildFile; fileRef = 0444E44E2803C73C00C6F279 /* parallel.cpp */; };
		0444E4AD2803C73E00C6F279 /* point-inl.h in Headers */ = {isa = PBXBuildFile; fileRef = 0444E44F2803C73C00C6F279 /* point-inl.h */; };
		0444E4AE2803C73E00C6F279 /* bvh2-inl.h in Headers */ = {isa = PBXBuildFile; fileRef = 0444E4502803C73C00C6F279 /* bvh2-inl.h */; };
		0444E4AF2803C73E00C6F279 /* bounding_box-inl.h in Headers */ = {isa = PBXBuildFile; fileRef = 0444E4512803C73C00C6F279 /* bounding_box-inl.h */; };
		0444E4B02803C73E00C6F279 /* math_utils.h in Headers */ = {isa = PBXBuildFile; fileRef = 0444E4522803C73C00C6F279 /* math_utils.h */; };
		0444E4B12803C73E00C6F279 /* matrix2x2-inl.h in Headers */ = {isa = PBXBuildFile; fileRef = 0444E4532803C73C00C6F279 /* matrix2x2-inl.h */; };
		0444E4B22803C73E00C6F279 /* macros.h in Headers */ = {isa = PBXBuildFile; fileRef = 0444E4542803C73C00C6F279 /* macros.h */; };
		0444E4B32803C73E00C6F279 /* vector4.h in Headers */ = {isa = PBXBuildFile; fileRef = 0444E4552803C73D00C6F279 /* vector4.h */; };
		0444E4B42803C73E00C6F279 /* point3.h in Headers */ = {isa = PBXBuildFile; fileRef = 0444E4562803C73D00C6F279 /* point3.h */; };
		0444E4B52803C73E00C6F279 /* ray2-inl.h in Headers */ = {isa = PBXBuildFile; fileRef = 0444E4572803C73D00C6F279 /* ray2-inl.h */; };
		0444E4B62803C73E00C6F279 /* vector_expression-inl.h in Headers */ = {isa = PBXBuildFile; fileRef = 0444E4582803C73D00C6F279 /* vector_expression-inl.h */; };
		0444E4B72803C73E00C6F279 /* matrix4x4-inl.h in Headers */ = {isa = PBXBuildFile; fileRef = 0444E4592803C73D00C6F279 /* matrix4x4-inl.h */; };
		0444E4B82803C73E00C6F279 /* math_utils-inl.h in Headers */ = {isa = PBXBuildFile; fileRef = 0444E45A2803C73D00C6F279 /* math_utils-inl.h */; };
		0444E4B92803C73E00C6F279 /* matrix_expression-inl.h in Headers */ = {isa = PBXBuildFile; fileRef = 0444E45B2803C73D00C6F279 /* matrix_expression-inl.h */; };
		0444E4BA2803C73E00C6F279 /* functors.h in Headers */ = {isa = PBXBuildFile; fileRef = 0444E45C2803C73D00C6F279 /* functors.h */; };
		0444E4BB2803C73E00C6F279 /* algorithm.h in Headers */ = {isa = PBXBuildFile; fileRef = 0444E45D2803C73D00C6F279 /* algorithm.h */; };
		0444E4BC2803C73E00C6F279 /* matrix.h in Headers */ = {isa = PBXBuildFile; fileRef = 0444E45E2803C73D00C6F279 /* matrix.h */; };
		0444E4BD2803C73E00C6F279 /* bounding_plane2-inl.h in Headers */ = {isa = PBXBuildFile; fileRef = 0444E45F2803C73D00C6F279 /* bounding_plane2-inl.h */; };
		0444E4BE2803C73E00C6F279 /* quadtree.h in Headers */ = {isa = PBXBuildFile; fileRef = 0444E4602803C73D00C6F279 /* quadtree.h */; };
		0444E4BF2803C73E00C6F279 /* size.h in Headers */ = {isa = PBXBuildFile; fileRef = 0444E4612803C73D00C6F279 /* size.h */; };
		0444E4C02803C73E00C6F279 /* parallel-inl.h in Headers */ = {isa = PBXBuildFile; fileRef = 0444E4622803C73D00C6F279 /* parallel-inl.h */; };
		0444E4C12803C73E00C6F279 /* quadtree-inl.h in Headers */ = {isa = PBXBuildFile; fileRef = 0444E4632803C73D00C6F279 /* quadtree-inl.h */; };
		0444E4C22803C73E00C6F279 /* bvh2.h in Headers */ = {isa = PBXBuildFile; fileRef = 0444E4642803C73D00C6F279 /* bvh2.h */; };
		0444E4C32803C73E00C6F279 /* random.cpp in Sources */ = {isa = PBXBuildFile; fileRef = 0444E4652803C73D00C6F279 /* random.cpp */; };
		0444E4C42803C73E00C6F279 /* vector2.h in Headers */ = {isa = PBXBuildFile; fileRef = 0444E4662803C73D00C6F279 /* vector2.h */; };
		0444E4C52803C73E00C6F279 /* bvh3-inl.h in Headers */ = {isa = PBXBuildFile; fileRef = 0444E4672803C73D00C6F279 /* bvh3-inl.h */; };
		0444E4C62803C73E00C6F279 /* matrix3x3.h in Headers */ = {isa = PBXBuildFile; fileRef = 0444E4682803C73D00C6F279 /* matrix3x3.h */; };
		0444E4C72803C73E00C6F279 /* bounding_plane.h in Headers */ = {isa = PBXBuildFile; fileRef = 0444E4692803C73D00C6F279 /* bounding_plane.h */; };
		0444E4C82803C73E00C6F279 /* vector.h in Headers */ = {isa = PBXBuildFile; fileRef = 0444E46A2803C73D00C6F279 /* vector.h */; };
		0444E4C92803C73E00C6F279 /* bounding_frustum.h in Headers */ = {isa = PBXBuildFile; fileRef = 0444E46B2803C73D00C6F279 /* bounding_frustum.h */; };
		0444E4CA2803C73E00C6F279 /* list_query_engine3-inl.h in Headers */ = {isa = PBXBuildFile; fileRef = 0444E46C2803C73D00C6F279 /* list_query_engine3-inl.h */; };
		0444E4CB2803C73E00C6F279 /* collision_utils.h in Headers */ = {isa = PBXBuildFile; fileRef = 0444E46D2803C73D00C6F279 /* collision_utils.h */; };
		0444E4CC2803C73E00C6F279 /* bounding_box.h in Headers */ = {isa = PBXBuildFile; fileRef = 0444E46E2803C73D00C6F279 /* bounding_box.h */; };
		0444E4CD2803C73E00C6F279 /* color.h in Headers */ = {isa = PBXBuildFile; fileRef = 0444E46F2803C73D00C6F279 /* color.h */; };
		0444E4CE2803C73E00C6F279 /* spherical_harmonics3.h in Headers */ = {isa = PBXBuildFile; fileRef = 0444E4702803C73D00C6F279 /* spherical_harmonics3.h */; };
		0444E4CF2803C73E00C6F279 /* vector3-inl.h in Headers */ = {isa = PBXBuildFile; fileRef = 0444E4712803C73D00C6F279 /* vector3-inl.h */; };
		0444E4D02803C73E00C6F279 /* spherical_harmonics3.cpp in Sources */ = {isa = PBXBuildFile; fileRef = 0444E4722803C73D00C6F279 /* spherical_harmonics3.cpp */; };
		0444E4D12803C73E00C6F279 /* random.h in Headers */ = {isa = PBXBuildFile; fileRef = 0444E4732803C73D00C6F279 /* random.h */; };
		0444E4D22803C73E00C6F279 /* nearest_neighbor_query_engine3.h in Headers */ = {isa = PBXBuildFile; fileRef = 0444E4742803C73D00C6F279 /* nearest_neighbor_query_engine3.h */; };
		0444E4D32803C73E00C6F279 /* matrix4x4.h in Headers */ = {isa = PBXBuildFile; fileRef = 0444E4752803C73D00C6F279 /* matrix4x4.h */; };
		0444E4D42803C73E00C6F279 /* matrix3x3-inl.h in Headers */ = {isa = PBXBuildFile; fileRef = 0444E4762803C73D00C6F279 /* matrix3x3-inl.h */; };
		0444E4D52803C73E00C6F279 /* bounding_plane3.h in Headers */ = {isa = PBXBuildFile; fileRef = 0444E4772803C73D00C6F279 /* bounding_plane3.h */; };
		0444E4D62803C73E00C6F279 /* transform2-inl.h in Headers */ = {isa = PBXBuildFile; fileRef = 0444E4782803C73D00C6F279 /* transform2-inl.h */; };
		0444E4D72803C73E00C6F279 /* vector3.h in Headers */ = {isa = PBXBuildFile; fileRef = 0444E4792803C73D00C6F279 /* vector3.h */; };
		0444E4D82803C73E00C6F279 /* list_query_engine2.h in Headers */ = {isa = PBXBuildFile; fileRef = 0444E47A2803C73D00C6F279 /* list_query_engine2.h */; };
		0444E4D92803C73E00C6F279 /* matrix-inl.h in Headers */ = {isa = PBXBuildFile; fileRef = 0444E47B2803C73D00C6F279 /* matrix-inl.h */; };
		0444E4DA2803C73E00C6F279 /* ray2.h in Headers */ = {isa = PBXBuildFile; fileRef = 0444E47C2803C73D00C6F279 /* ray2.h */; };
		0444E4DB2803C73E00C6F279 /* vector2-inl.h in Headers */ = {isa = PBXBuildFile; fileRef = 0444E47D2803C73D00C6F279 /* vector2-inl.h */; };
		0444E4DC2803C73E00C6F279 /* list_query_engine2-inl.h in Headers */ = {isa = PBXBuildFile; fileRef = 0444E47E2803C73D00C6F279 /* list_query_engine2-inl.h */; };
		0444E4DD2803C73E00C6F279 /* list_query_engine3.h in Headers */ = {isa = PBXBuildFile; fileRef = 0444E47F2803C73D00C6F279 /* list_query_engine3.h */; };
		0444E4DE2803C73E00C6F279 /* parallel.h in Headers */ = {isa = PBXBuildFile; fileRef = 0444E4802803C73D00C6F279 /* parallel.h */; };
		0444E4DF2803C73E00C6F279 /* ray3.h in Headers */ = {isa = PBXBuildFile; fileRef = 0444E4812803C73D00C6F279 /* ray3.h */; };
		0444E4E02803C73E00C6F279 /* color.cpp in Sources */ = {isa = PBXBuildFile; fileRef = 0444E4822803C73D00C6F279 /* color.cpp */; };
		0444E4E12803C73E00C6F279 /* transform3-inl.h in Headers */ = {isa = PBXBuildFile; fileRef = 0444E4832803C73D00C6F279 /* transform3-inl.h */; };
		0444E4E22803C73E00C6F279 /* type_helpers.h in Headers */ = {isa = PBXBuildFile; fileRef = 0444E4842803C73E00C6F279 /* type_helpers.h */; };
		0444E4E32803C73E00C6F279 /* bounding_box3.h in Headers */ = {isa = PBXBuildFile; fileRef = 0444E4852803C73E00C6F279 /* bounding_box3.h */; };
		0444E4E42803C73E00C6F279 /* bounding_plane3-inl.h in Headers */ = {isa = PBXBuildFile; fileRef = 0444E4862803C73E00C6F279 /* bounding_plane3-inl.h */; };
		0444E4E52803C73E00C6F279 /* ray.h in Headers */ = {isa = PBXBuildFile; fileRef = 0444E4872803C73E00C6F279 /* ray.h */; };
		0444E8B32805560C00C6F279 /* strings.cpp in Sources */ = {isa = PBXBuildFile; fileRef = 0444E7FB2805552B00C6F279 /* strings.cpp */; };
		0444E8B42805560C00C6F279 /* strings.h in Headers */ = {isa = PBXBuildFile; fileRef = 0444E8002805552B00C6F279 /* strings.h */; };
		0444E8B52805567000C6F279 /* logging.h in Headers */ = {isa = PBXBuildFile; fileRef = 0444E7FD2805552B00C6F279 /* logging.h */; };
		0444E8B8280556B100C6F279 /* vk_initializers.h in Headers */ = {isa = PBXBuildFile; fileRef = 0444E7F52805552B00C6F279 /* vk_initializers.h */; };
		0444E8B9280556B100C6F279 /* vk_common.cpp in Sources */ = {isa = PBXBuildFile; fileRef = 0444E8012805552B00C6F279 /* vk_common.cpp */; };
		0444E8BA280556B100C6F279 /* vk_common.h in Headers */ = {isa = PBXBuildFile; fileRef = 0444E7F42805552A00C6F279 /* vk_common.h */; };
		0444E8BB2805570600C6F279 /* error.h in Headers */ = {isa = PBXBuildFile; fileRef = 0444E7FA2805552B00C6F279 /* error.h */; };
		0444E8BC2805570600C6F279 /* error.cpp in Sources */ = {isa = PBXBuildFile; fileRef = 0444E7F92805552B00C6F279 /* error.cpp */; };
		0444E8BD2805579F00C6F279 /* helpers.h in Headers */ = {isa = PBXBuildFile; fileRef = 0444E7F72805552B00C6F279 /* helpers.h */; };
		0444E8BF280557ED00C6F279 /* tags.h in Headers */ = {isa = PBXBuildFile; fileRef = 0444E7FC2805552B00C6F279 /* tags.h */; };
		0444E8C0280557ED00C6F279 /* resource_caching.h in Headers */ = {isa = PBXBuildFile; fileRef = 0444E8052805552B00C6F279 /* resource_caching.h */; };
		0444E8C62805585800C6F279 /* shader_module.h in Headers */ = {isa = PBXBuildFile; fileRef = 0444E8C42805585800C6F279 /* shader_module.h */; };
		0444E8C72805589600C6F279 /* glsl_compiler.h in Headers */ = {isa = PBXBuildFile; fileRef = 0444E8AD280555E800C6F279 /* glsl_compiler.h */; };
		0444E8C82805589600C6F279 /* spirv_reflection.cpp in Sources */ = {isa = PBXBuildFile; fileRef = 0444E8AC280555E800C6F279 /* spirv_reflection.cpp */; };
		0444E8C92805589600C6F279 /* glsl_compiler.cpp in Sources */ = {isa = PBXBuildFile; fileRef = 0444E8AE280555E800C6F279 /* glsl_compiler.cpp */; };
		0444E8CA2805589600C6F279 /* spirv_reflection.h in Headers */ = {isa = PBXBuildFile; fileRef = 0444E8AB280555E800C6F279 /* spirv_reflection.h */; };
		0444E91F28055CE400C6F279 /* instance.cpp in Sources */ = {isa = PBXBuildFile; fileRef = 0444E91828055C6D00C6F279 /* instance.cpp */; };
		0444E92028055CE400C6F279 /* physical_device.cpp in Sources */ = {isa = PBXBuildFile; fileRef = 0444E91728055C6D00C6F279 /* physical_device.cpp */; };
		0444E92128055CE400C6F279 /* physical_device.h in Headers */ = {isa = PBXBuildFile; fileRef = 0444E91628055C6D00C6F279 /* physical_device.h */; };
		0444E92228055CE400C6F279 /* instance.h in Headers */ = {isa = PBXBuildFile; fileRef = 0444E91528055C6D00C6F279 /* instance.h */; };
		0444E92D28055D5D00C6F279 /* timer.cpp in Sources */ = {isa = PBXBuildFile; fileRef = 0444E92B28055D5D00C6F279 /* timer.cpp */; };
		0444E92E28055D5D00C6F279 /* timer.h in Headers */ = {isa = PBXBuildFile; fileRef = 0444E92C28055D5D00C6F279 /* timer.h */; };
		0444E93128055D9300C6F279 /* debug_info.h in Headers */ = {isa = PBXBuildFile; fileRef = 0444E92F28055D9300C6F279 /* debug_info.h */; };
		0444E93228055D9300C6F279 /* debug_info.cpp in Sources */ = {isa = PBXBuildFile; fileRef = 0444E93028055D9300C6F279 /* debug_info.cpp */; };
		047BB5C62803A96500CD5749 /* main.cpp in Sources */ = {isa = PBXBuildFile; fileRef = 047BB5C52803A96500CD5749 /* main.cpp */; };
/* End PBXBuildFile section */

/* Begin PBXCopyFilesBuildPhase section */
		047BB5C02803A96500CD5749 /* CopyFiles */ = {
			isa = PBXCopyFilesBuildPhase;
			buildActionMask = 2147483647;
			dstPath = /usr/share/man/man1/;
			dstSubfolderSpec = 0;
			files = (
			);
			runOnlyForDeploymentPostprocessing = 1;
		};
/* End PBXCopyFilesBuildPhase section */

/* Begin PBXFileReference section */
		0444E42A2803C73C00C6F279 /* point2.h */ = {isa = PBXFileReference; fileEncoding = 4; lastKnownFileType = sourcecode.c.h; path = point2.h; sourceTree = "<group>"; };
		0444E42B2803C73C00C6F279 /* matrix_utils.h */ = {isa = PBXFileReference; fileEncoding = 4; lastKnownFileType = sourcecode.c.h; path = matrix_utils.h; sourceTree = "<group>"; };
		0444E42C2803C73C00C6F279 /* constants.h */ = {isa = PBXFileReference; fileEncoding = 4; lastKnownFileType = sourcecode.c.h; path = constants.h; sourceTree = "<group>"; };
		0444E42D2803C73C00C6F279 /* bounding_plane2.h */ = {isa = PBXFileReference; fileEncoding = 4; lastKnownFileType = sourcecode.c.h; path = bounding_plane2.h; sourceTree = "<group>"; };
		0444E42E2803C73C00C6F279 /* point3-inl.h */ = {isa = PBXFileReference; fileEncoding = 4; lastKnownFileType = sourcecode.c.h; path = "point3-inl.h"; sourceTree = "<group>"; };
		0444E42F2803C73C00C6F279 /* matrix2x2.h */ = {isa = PBXFileReference; fileEncoding = 4; lastKnownFileType = sourcecode.c.h; path = matrix2x2.h; sourceTree = "<group>"; };
		0444E4302803C73C00C6F279 /* level_set_utils.h */ = {isa = PBXFileReference; fileEncoding = 4; lastKnownFileType = sourcecode.c.h; path = level_set_utils.h; sourceTree = "<group>"; };
		0444E4312803C73C00C6F279 /* bounding_box2-inl.h */ = {isa = PBXFileReference; fileEncoding = 4; lastKnownFileType = sourcecode.c.h; path = "bounding_box2-inl.h"; sourceTree = "<group>"; };
		0444E4322803C73C00C6F279 /* collision_utils.cpp */ = {isa = PBXFileReference; fileEncoding = 4; lastKnownFileType = sourcecode.cpp.cpp; path = collision_utils.cpp; sourceTree = "<group>"; };
		0444E4332803C73C00C6F279 /* intersection_query_engine2.h */ = {isa = PBXFileReference; fileEncoding = 4; lastKnownFileType = sourcecode.c.h; path = intersection_query_engine2.h; sourceTree = "<group>"; };
		0444E4342803C73C00C6F279 /* matrix_expression.h */ = {isa = PBXFileReference; fileEncoding = 4; lastKnownFileType = sourcecode.c.h; path = matrix_expression.h; sourceTree = "<group>"; };
		0444E4352803C73C00C6F279 /* intersection_query_engine3.h */ = {isa = PBXFileReference; fileEncoding = 4; lastKnownFileType = sourcecode.c.h; path = intersection_query_engine3.h; sourceTree = "<group>"; };
		0444E4362803C73C00C6F279 /* point2-inl.h */ = {isa = PBXFileReference; fileEncoding = 4; lastKnownFileType = sourcecode.c.h; path = "point2-inl.h"; sourceTree = "<group>"; };
		0444E4372803C73C00C6F279 /* ray3-inl.h */ = {isa = PBXFileReference; fileEncoding = 4; lastKnownFileType = sourcecode.c.h; path = "ray3-inl.h"; sourceTree = "<group>"; };
		0444E4382803C73C00C6F279 /* size-inl.h */ = {isa = PBXFileReference; fileEncoding = 4; lastKnownFileType = sourcecode.c.h; path = "size-inl.h"; sourceTree = "<group>"; };
		0444E4392803C73C00C6F279 /* bounding_box3-inl.h */ = {isa = PBXFileReference; fileEncoding = 4; lastKnownFileType = sourcecode.c.h; path = "bounding_box3-inl.h"; sourceTree = "<group>"; };
		0444E43A2803C73C00C6F279 /* bounding_frustum.cpp */ = {isa = PBXFileReference; fileEncoding = 4; lastKnownFileType = sourcecode.cpp.cpp; path = bounding_frustum.cpp; sourceTree = "<group>"; };
		0444E43B2803C73C00C6F279 /* quaternion-inl.h */ = {isa = PBXFileReference; fileEncoding = 4; lastKnownFileType = sourcecode.c.h; path = "quaternion-inl.h"; sourceTree = "<group>"; };
		0444E43C2803C73C00C6F279 /* size3-inl.h */ = {isa = PBXFileReference; fileEncoding = 4; lastKnownFileType = sourcecode.c.h; path = "size3-inl.h"; sourceTree = "<group>"; };
		0444E43D2803C73C00C6F279 /* size3.h */ = {isa = PBXFileReference; fileEncoding = 4; lastKnownFileType = sourcecode.c.h; path = size3.h; sourceTree = "<group>"; };
		0444E43E2803C73C00C6F279 /* bvh3.h */ = {isa = PBXFileReference; fileEncoding = 4; lastKnownFileType = sourcecode.c.h; path = bvh3.h; sourceTree = "<group>"; };
		0444E43F2803C73C00C6F279 /* transform3.h */ = {isa = PBXFileReference; fileEncoding = 4; lastKnownFileType = sourcecode.c.h; path = transform3.h; sourceTree = "<group>"; };
		0444E4402803C73C00C6F279 /* vector_expression.h */ = {isa = PBXFileReference; fileEncoding = 4; lastKnownFileType = sourcecode.c.h; path = vector_expression.h; sourceTree = "<group>"; };
		0444E4412803C73C00C6F279 /* level_set_utils-inl.h */ = {isa = PBXFileReference; fileEncoding = 4; lastKnownFileType = sourcecode.c.h; path = "level_set_utils-inl.h"; sourceTree = "<group>"; };
		0444E4422803C73C00C6F279 /* octree-inl.h */ = {isa = PBXFileReference; fileEncoding = 4; lastKnownFileType = sourcecode.c.h; path = "octree-inl.h"; sourceTree = "<group>"; };
		0444E4432803C73C00C6F279 /* size2-inl.h */ = {isa = PBXFileReference; fileEncoding = 4; lastKnownFileType = sourcecode.c.h; path = "size2-inl.h"; sourceTree = "<group>"; };
		0444E4442803C73C00C6F279 /* bounding_box2.h */ = {isa = PBXFileReference; fileEncoding = 4; lastKnownFileType = sourcecode.c.h; path = bounding_box2.h; sourceTree = "<group>"; };
		0444E4452803C73C00C6F279 /* size2.h */ = {isa = PBXFileReference; fileEncoding = 4; lastKnownFileType = sourcecode.c.h; path = size2.h; sourceTree = "<group>"; };
		0444E4462803C73C00C6F279 /* nearest_neighbor_query_engine2.h */ = {isa = PBXFileReference; fileEncoding = 4; lastKnownFileType = sourcecode.c.h; path = nearest_neighbor_query_engine2.h; sourceTree = "<group>"; };
		0444E4472803C73C00C6F279 /* vector-inl.h */ = {isa = PBXFileReference; fileEncoding = 4; lastKnownFileType = sourcecode.c.h; path = "vector-inl.h"; sourceTree = "<group>"; };
		0444E4482803C73C00C6F279 /* octree.h */ = {isa = PBXFileReference; fileEncoding = 4; lastKnownFileType = sourcecode.c.h; path = octree.h; sourceTree = "<group>"; };
		0444E4492803C73C00C6F279 /* point.h */ = {isa = PBXFileReference; fileEncoding = 4; lastKnownFileType = sourcecode.c.h; path = point.h; sourceTree = "<group>"; };
		0444E44A2803C73C00C6F279 /* functors-inl.h */ = {isa = PBXFileReference; fileEncoding = 4; lastKnownFileType = sourcecode.c.h; path = "functors-inl.h"; sourceTree = "<group>"; };
		0444E44B2803C73C00C6F279 /* transform2.h */ = {isa = PBXFileReference; fileEncoding = 4; lastKnownFileType = sourcecode.c.h; path = transform2.h; sourceTree = "<group>"; };
		0444E44C2803C73C00C6F279 /* quaternion.h */ = {isa = PBXFileReference; fileEncoding = 4; lastKnownFileType = sourcecode.c.h; path = quaternion.h; sourceTree = "<group>"; };
		0444E44D2803C73C00C6F279 /* vector4-inl.h */ = {isa = PBXFileReference; fileEncoding = 4; lastKnownFileType = sourcecode.c.h; path = "vector4-inl.h"; sourceTree = "<group>"; };
		0444E44E2803C73C00C6F279 /* parallel.cpp */ = {isa = PBXFileReference; fileEncoding = 4; lastKnownFileType = sourcecode.cpp.cpp; path = parallel.cpp; sourceTree = "<group>"; };
		0444E44F2803C73C00C6F279 /* point-inl.h */ = {isa = PBXFileReference; fileEncoding = 4; lastKnownFileType = sourcecode.c.h; path = "point-inl.h"; sourceTree = "<group>"; };
		0444E4502803C73C00C6F279 /* bvh2-inl.h */ = {isa = PBXFileReference; fileEncoding = 4; lastKnownFileType = sourcecode.c.h; path = "bvh2-inl.h"; sourceTree = "<group>"; };
		0444E4512803C73C00C6F279 /* bounding_box-inl.h */ = {isa = PBXFileReference; fileEncoding = 4; lastKnownFileType = sourcecode.c.h; path = "bounding_box-inl.h"; sourceTree = "<group>"; };
		0444E4522803C73C00C6F279 /* math_utils.h */ = {isa = PBXFileReference; fileEncoding = 4; lastKnownFileType = sourcecode.c.h; path = math_utils.h; sourceTree = "<group>"; };
		0444E4532803C73C00C6F279 /* matrix2x2-inl.h */ = {isa = PBXFileReference; fileEncoding = 4; lastKnownFileType = sourcecode.c.h; path = "matrix2x2-inl.h"; sourceTree = "<group>"; };
		0444E4542803C73C00C6F279 /* macros.h */ = {isa = PBXFileReference; fileEncoding = 4; lastKnownFileType = sourcecode.c.h; path = macros.h; sourceTree = "<group>"; };
		0444E4552803C73D00C6F279 /* vector4.h */ = {isa = PBXFileReference; fileEncoding = 4; lastKnownFileType = sourcecode.c.h; path = vector4.h; sourceTree = "<group>"; };
		0444E4562803C73D00C6F279 /* point3.h */ = {isa = PBXFileReference; fileEncoding = 4; lastKnownFileType = sourcecode.c.h; path = point3.h; sourceTree = "<group>"; };
		0444E4572803C73D00C6F279 /* ray2-inl.h */ = {isa = PBXFileReference; fileEncoding = 4; lastKnownFileType = sourcecode.c.h; path = "ray2-inl.h"; sourceTree = "<group>"; };
		0444E4582803C73D00C6F279 /* vector_expression-inl.h */ = {isa = PBXFileReference; fileEncoding = 4; lastKnownFileType = sourcecode.c.h; path = "vector_expression-inl.h"; sourceTree = "<group>"; };
		0444E4592803C73D00C6F279 /* matrix4x4-inl.h */ = {isa = PBXFileReference; fileEncoding = 4; lastKnownFileType = sourcecode.c.h; path = "matrix4x4-inl.h"; sourceTree = "<group>"; };
		0444E45A2803C73D00C6F279 /* math_utils-inl.h */ = {isa = PBXFileReference; fileEncoding = 4; lastKnownFileType = sourcecode.c.h; path = "math_utils-inl.h"; sourceTree = "<group>"; };
		0444E45B2803C73D00C6F279 /* matrix_expression-inl.h */ = {isa = PBXFileReference; fileEncoding = 4; lastKnownFileType = sourcecode.c.h; path = "matrix_expression-inl.h"; sourceTree = "<group>"; };
		0444E45C2803C73D00C6F279 /* functors.h */ = {isa = PBXFileReference; fileEncoding = 4; lastKnownFileType = sourcecode.c.h; path = functors.h; sourceTree = "<group>"; };
		0444E45D2803C73D00C6F279 /* algorithm.h */ = {isa = PBXFileReference; fileEncoding = 4; lastKnownFileType = sourcecode.c.h; path = algorithm.h; sourceTree = "<group>"; };
		0444E45E2803C73D00C6F279 /* matrix.h */ = {isa = PBXFileReference; fileEncoding = 4; lastKnownFileType = sourcecode.c.h; path = matrix.h; sourceTree = "<group>"; };
		0444E45F2803C73D00C6F279 /* bounding_plane2-inl.h */ = {isa = PBXFileReference; fileEncoding = 4; lastKnownFileType = sourcecode.c.h; path = "bounding_plane2-inl.h"; sourceTree = "<group>"; };
		0444E4602803C73D00C6F279 /* quadtree.h */ = {isa = PBXFileReference; fileEncoding = 4; lastKnownFileType = sourcecode.c.h; path = quadtree.h; sourceTree = "<group>"; };
		0444E4612803C73D00C6F279 /* size.h */ = {isa = PBXFileReference; fileEncoding = 4; lastKnownFileType = sourcecode.c.h; path = size.h; sourceTree = "<group>"; };
		0444E4622803C73D00C6F279 /* parallel-inl.h */ = {isa = PBXFileReference; fileEncoding = 4; lastKnownFileType = sourcecode.c.h; path = "parallel-inl.h"; sourceTree = "<group>"; };
		0444E4632803C73D00C6F279 /* quadtree-inl.h */ = {isa = PBXFileReference; fileEncoding = 4; lastKnownFileType = sourcecode.c.h; path = "quadtree-inl.h"; sourceTree = "<group>"; };
		0444E4642803C73D00C6F279 /* bvh2.h */ = {isa = PBXFileReference; fileEncoding = 4; lastKnownFileType = sourcecode.c.h; path = bvh2.h; sourceTree = "<group>"; };
		0444E4652803C73D00C6F279 /* random.cpp */ = {isa = PBXFileReference; fileEncoding = 4; lastKnownFileType = sourcecode.cpp.cpp; path = random.cpp; sourceTree = "<group>"; };
		0444E4662803C73D00C6F279 /* vector2.h */ = {isa = PBXFileReference; fileEncoding = 4; lastKnownFileType = sourcecode.c.h; path = vector2.h; sourceTree = "<group>"; };
		0444E4672803C73D00C6F279 /* bvh3-inl.h */ = {isa = PBXFileReference; fileEncoding = 4; lastKnownFileType = sourcecode.c.h; path = "bvh3-inl.h"; sourceTree = "<group>"; };
		0444E4682803C73D00C6F279 /* matrix3x3.h */ = {isa = PBXFileReference; fileEncoding = 4; lastKnownFileType = sourcecode.c.h; path = matrix3x3.h; sourceTree = "<group>"; };
		0444E4692803C73D00C6F279 /* bounding_plane.h */ = {isa = PBXFileReference; fileEncoding = 4; lastKnownFileType = sourcecode.c.h; path = bounding_plane.h; sourceTree = "<group>"; };
		0444E46A2803C73D00C6F279 /* vector.h */ = {isa = PBXFileReference; fileEncoding = 4; lastKnownFileType = sourcecode.c.h; path = vector.h; sourceTree = "<group>"; };
		0444E46B2803C73D00C6F279 /* bounding_frustum.h */ = {isa = PBXFileReference; fileEncoding = 4; lastKnownFileType = sourcecode.c.h; path = bounding_frustum.h; sourceTree = "<group>"; };
		0444E46C2803C73D00C6F279 /* list_query_engine3-inl.h */ = {isa = PBXFileReference; fileEncoding = 4; lastKnownFileType = sourcecode.c.h; path = "list_query_engine3-inl.h"; sourceTree = "<group>"; };
		0444E46D2803C73D00C6F279 /* collision_utils.h */ = {isa = PBXFileReference; fileEncoding = 4; lastKnownFileType = sourcecode.c.h; path = collision_utils.h; sourceTree = "<group>"; };
		0444E46E2803C73D00C6F279 /* bounding_box.h */ = {isa = PBXFileReference; fileEncoding = 4; lastKnownFileType = sourcecode.c.h; path = bounding_box.h; sourceTree = "<group>"; };
		0444E46F2803C73D00C6F279 /* color.h */ = {isa = PBXFileReference; fileEncoding = 4; lastKnownFileType = sourcecode.c.h; path = color.h; sourceTree = "<group>"; };
		0444E4702803C73D00C6F279 /* spherical_harmonics3.h */ = {isa = PBXFileReference; fileEncoding = 4; lastKnownFileType = sourcecode.c.h; path = spherical_harmonics3.h; sourceTree = "<group>"; };
		0444E4712803C73D00C6F279 /* vector3-inl.h */ = {isa = PBXFileReference; fileEncoding = 4; lastKnownFileType = sourcecode.c.h; path = "vector3-inl.h"; sourceTree = "<group>"; };
		0444E4722803C73D00C6F279 /* spherical_harmonics3.cpp */ = {isa = PBXFileReference; fileEncoding = 4; lastKnownFileType = sourcecode.cpp.cpp; path = spherical_harmonics3.cpp; sourceTree = "<group>"; };
		0444E4732803C73D00C6F279 /* random.h */ = {isa = PBXFileReference; fileEncoding = 4; lastKnownFileType = sourcecode.c.h; path = random.h; sourceTree = "<group>"; };
		0444E4742803C73D00C6F279 /* nearest_neighbor_query_engine3.h */ = {isa = PBXFileReference; fileEncoding = 4; lastKnownFileType = sourcecode.c.h; path = nearest_neighbor_query_engine3.h; sourceTree = "<group>"; };
		0444E4752803C73D00C6F279 /* matrix4x4.h */ = {isa = PBXFileReference; fileEncoding = 4; lastKnownFileType = sourcecode.c.h; path = matrix4x4.h; sourceTree = "<group>"; };
		0444E4762803C73D00C6F279 /* matrix3x3-inl.h */ = {isa = PBXFileReference; fileEncoding = 4; lastKnownFileType = sourcecode.c.h; path = "matrix3x3-inl.h"; sourceTree = "<group>"; };
		0444E4772803C73D00C6F279 /* bounding_plane3.h */ = {isa = PBXFileReference; fileEncoding = 4; lastKnownFileType = sourcecode.c.h; path = bounding_plane3.h; sourceTree = "<group>"; };
		0444E4782803C73D00C6F279 /* transform2-inl.h */ = {isa = PBXFileReference; fileEncoding = 4; lastKnownFileType = sourcecode.c.h; path = "transform2-inl.h"; sourceTree = "<group>"; };
		0444E4792803C73D00C6F279 /* vector3.h */ = {isa = PBXFileReference; fileEncoding = 4; lastKnownFileType = sourcecode.c.h; path = vector3.h; sourceTree = "<group>"; };
		0444E47A2803C73D00C6F279 /* list_query_engine2.h */ = {isa = PBXFileReference; fileEncoding = 4; lastKnownFileType = sourcecode.c.h; path = list_query_engine2.h; sourceTree = "<group>"; };
		0444E47B2803C73D00C6F279 /* matrix-inl.h */ = {isa = PBXFileReference; fileEncoding = 4; lastKnownFileType = sourcecode.c.h; path = "matrix-inl.h"; sourceTree = "<group>"; };
		0444E47C2803C73D00C6F279 /* ray2.h */ = {isa = PBXFileReference; fileEncoding = 4; lastKnownFileType = sourcecode.c.h; path = ray2.h; sourceTree = "<group>"; };
		0444E47D2803C73D00C6F279 /* vector2-inl.h */ = {isa = PBXFileReference; fileEncoding = 4; lastKnownFileType = sourcecode.c.h; path = "vector2-inl.h"; sourceTree = "<group>"; };
		0444E47E2803C73D00C6F279 /* list_query_engine2-inl.h */ = {isa = PBXFileReference; fileEncoding = 4; lastKnownFileType = sourcecode.c.h; path = "list_query_engine2-inl.h"; sourceTree = "<group>"; };
		0444E47F2803C73D00C6F279 /* list_query_engine3.h */ = {isa = PBXFileReference; fileEncoding = 4; lastKnownFileType = sourcecode.c.h; path = list_query_engine3.h; sourceTree = "<group>"; };
		0444E4802803C73D00C6F279 /* parallel.h */ = {isa = PBXFileReference; fileEncoding = 4; lastKnownFileType = sourcecode.c.h; path = parallel.h; sourceTree = "<group>"; };
		0444E4812803C73D00C6F279 /* ray3.h */ = {isa = PBXFileReference; fileEncoding = 4; lastKnownFileType = sourcecode.c.h; path = ray3.h; sourceTree = "<group>"; };
		0444E4822803C73D00C6F279 /* color.cpp */ = {isa = PBXFileReference; fileEncoding = 4; lastKnownFileType = sourcecode.cpp.cpp; path = color.cpp; sourceTree = "<group>"; };
		0444E4832803C73D00C6F279 /* transform3-inl.h */ = {isa = PBXFileReference; fileEncoding = 4; lastKnownFileType = sourcecode.c.h; path = "transform3-inl.h"; sourceTree = "<group>"; };
		0444E4842803C73E00C6F279 /* type_helpers.h */ = {isa = PBXFileReference; fileEncoding = 4; lastKnownFileType = sourcecode.c.h; path = type_helpers.h; sourceTree = "<group>"; };
		0444E4852803C73E00C6F279 /* bounding_box3.h */ = {isa = PBXFileReference; fileEncoding = 4; lastKnownFileType = sourcecode.c.h; path = bounding_box3.h; sourceTree = "<group>"; };
		0444E4862803C73E00C6F279 /* bounding_plane3-inl.h */ = {isa = PBXFileReference; fileEncoding = 4; lastKnownFileType = sourcecode.c.h; path = "bounding_plane3-inl.h"; sourceTree = "<group>"; };
		0444E4872803C73E00C6F279 /* ray.h */ = {isa = PBXFileReference; fileEncoding = 4; lastKnownFileType = sourcecode.c.h; path = ray.h; sourceTree = "<group>"; };
		0444E7F42805552A00C6F279 /* vk_common.h */ = {isa = PBXFileReference; fileEncoding = 4; lastKnownFileType = sourcecode.c.h; path = vk_common.h; sourceTree = "<group>"; };
		0444E7F52805552B00C6F279 /* vk_initializers.h */ = {isa = PBXFileReference; fileEncoding = 4; lastKnownFileType = sourcecode.c.h; path = vk_initializers.h; sourceTree = "<group>"; };
		0444E7F62805552B00C6F279 /* utils.cpp */ = {isa = PBXFileReference; fileEncoding = 4; lastKnownFileType = sourcecode.cpp.cpp; path = utils.cpp; sourceTree = "<group>"; };
		0444E7F72805552B00C6F279 /* helpers.h */ = {isa = PBXFileReference; fileEncoding = 4; lastKnownFileType = sourcecode.c.h; path = helpers.h; sourceTree = "<group>"; };
		0444E7F92805552B00C6F279 /* error.cpp */ = {isa = PBXFileReference; fileEncoding = 4; lastKnownFileType = sourcecode.cpp.cpp; path = error.cpp; sourceTree = "<group>"; };
		0444E7FA2805552B00C6F279 /* error.h */ = {isa = PBXFileReference; fileEncoding = 4; lastKnownFileType = sourcecode.c.h; path = error.h; sourceTree = "<group>"; };
		0444E7FB2805552B00C6F279 /* strings.cpp */ = {isa = PBXFileReference; fileEncoding = 4; lastKnownFileType = sourcecode.cpp.cpp; path = strings.cpp; sourceTree = "<group>"; };
		0444E7FC2805552B00C6F279 /* tags.h */ = {isa = PBXFileReference; fileEncoding = 4; lastKnownFileType = sourcecode.c.h; path = tags.h; sourceTree = "<group>"; };
		0444E7FD2805552B00C6F279 /* logging.h */ = {isa = PBXFileReference; fileEncoding = 4; lastKnownFileType = sourcecode.c.h; path = logging.h; sourceTree = "<group>"; };
		0444E7FE2805552B00C6F279 /* utils.h */ = {isa = PBXFileReference; fileEncoding = 4; lastKnownFileType = sourcecode.c.h; path = utils.h; sourceTree = "<group>"; };
		0444E8002805552B00C6F279 /* strings.h */ = {isa = PBXFileReference; fileEncoding = 4; lastKnownFileType = sourcecode.c.h; path = strings.h; sourceTree = "<group>"; };
		0444E8012805552B00C6F279 /* vk_common.cpp */ = {isa = PBXFileReference; fileEncoding = 4; lastKnownFileType = sourcecode.cpp.cpp; path = vk_common.cpp; sourceTree = "<group>"; };
		0444E8052805552B00C6F279 /* resource_caching.h */ = {isa = PBXFileReference; fileEncoding = 4; lastKnownFileType = sourcecode.c.h; path = resource_caching.h; sourceTree = "<group>"; };
		0444E8242805559E00C6F279 /* device.h */ = {isa = PBXFileReference; fileEncoding = 4; lastKnownFileType = sourcecode.c.h; path = device.h; sourceTree = "<group>"; };
		0444E8352805559F00C6F279 /* vulkan_resource.h */ = {isa = PBXFileReference; fileEncoding = 4; lastKnownFileType = sourcecode.c.h; path = vulkan_resource.h; sourceTree = "<group>"; };
		0444E84D280555A000C6F279 /* device.cpp */ = {isa = PBXFileReference; fileEncoding = 4; lastKnownFileType = sourcecode.cpp.cpp; path = device.cpp; sourceTree = "<group>"; };
		0444E857280555A100C6F279 /* vulkan_resource.cpp */ = {isa = PBXFileReference; fileEncoding = 4; lastKnownFileType = sourcecode.cpp.cpp; path = vulkan_resource.cpp; sourceTree = "<group>"; };
		0444E8AB280555E800C6F279 /* spirv_reflection.h */ = {isa = PBXFileReference; fileEncoding = 4; lastKnownFileType = sourcecode.c.h; path = spirv_reflection.h; sourceTree = "<group>"; };
		0444E8AC280555E800C6F279 /* spirv_reflection.cpp */ = {isa = PBXFileReference; fileEncoding = 4; lastKnownFileType = sourcecode.cpp.cpp; path = spirv_reflection.cpp; sourceTree = "<group>"; };
		0444E8AD280555E800C6F279 /* glsl_compiler.h */ = {isa = PBXFileReference; fileEncoding = 4; lastKnownFileType = sourcecode.c.h; path = glsl_compiler.h; sourceTree = "<group>"; };
		0444E8AE280555E800C6F279 /* glsl_compiler.cpp */ = {isa = PBXFileReference; fileEncoding = 4; lastKnownFileType = sourcecode.cpp.cpp; path = glsl_compiler.cpp; sourceTree = "<group>"; };
		0444E8C32805585800C6F279 /* shader_module.cpp */ = {isa = PBXFileReference; fileEncoding = 4; lastKnownFileType = sourcecode.cpp.cpp; path = shader_module.cpp; sourceTree = "<group>"; };
		0444E8C42805585800C6F279 /* shader_module.h */ = {isa = PBXFileReference; fileEncoding = 4; lastKnownFileType = sourcecode.c.h; path = shader_module.h; sourceTree = "<group>"; };
		0444E8D228055A1E00C6F279 /* unix_platform.h */ = {isa = PBXFileReference; fileEncoding = 4; lastKnownFileType = sourcecode.c.h; path = unix_platform.h; sourceTree = "<group>"; };
		0444E8D328055A1E00C6F279 /* unix_platform.cpp */ = {isa = PBXFileReference; fileEncoding = 4; lastKnownFileType = sourcecode.cpp.cpp; path = unix_platform.cpp; sourceTree = "<group>"; };
		0444E8D628055A2400C6F279 /* plugin.cpp */ = {isa = PBXFileReference; fileEncoding = 4; lastKnownFileType = sourcecode.cpp.cpp; path = plugin.cpp; sourceTree = "<group>"; };
		0444E8D728055A2400C6F279 /* plugin.h */ = {isa = PBXFileReference; fileEncoding = 4; lastKnownFileType = sourcecode.c.h; path = plugin.h; sourceTree = "<group>"; };
		0444E8D828055A2400C6F279 /* plugin_base.h */ = {isa = PBXFileReference; fileEncoding = 4; lastKnownFileType = sourcecode.c.h; path = plugin_base.h; sourceTree = "<group>"; };
		0444E8DC28055A2900C6F279 /* CLI11.h */ = {isa = PBXFileReference; fileEncoding = 4; lastKnownFileType = sourcecode.c.h; path = CLI11.h; sourceTree = "<group>"; };
		0444E8DD28055A2900C6F279 /* help_formatter.cpp */ = {isa = PBXFileReference; fileEncoding = 4; lastKnownFileType = sourcecode.cpp.cpp; path = help_formatter.cpp; sourceTree = "<group>"; };
		0444E8DE28055A2900C6F279 /* help_formatter.h */ = {isa = PBXFileReference; fileEncoding = 4; lastKnownFileType = sourcecode.c.h; path = help_formatter.h; sourceTree = "<group>"; };
		0444E8DF28055A2900C6F279 /* CLI11.cpp */ = {isa = PBXFileReference; fileEncoding = 4; lastKnownFileType = sourcecode.cpp.cpp; path = CLI11.cpp; sourceTree = "<group>"; };
		0444E8E428055A3700C6F279 /* window.h */ = {isa = PBXFileReference; fileEncoding = 4; lastKnownFileType = sourcecode.c.h; path = window.h; sourceTree = "<group>"; };
		0444E8E528055A3700C6F279 /* configuration.h */ = {isa = PBXFileReference; fileEncoding = 4; lastKnownFileType = sourcecode.c.h; path = configuration.h; sourceTree = "<group>"; };
		0444E8E628055A3700C6F279 /* headless_window.h */ = {isa = PBXFileReference; fileEncoding = 4; lastKnownFileType = sourcecode.c.h; path = headless_window.h; sourceTree = "<group>"; };
		0444E8E728055A3700C6F279 /* filesystem.cpp */ = {isa = PBXFileReference; fileEncoding = 4; lastKnownFileType = sourcecode.cpp.cpp; path = filesystem.cpp; sourceTree = "<group>"; };
		0444E8E828055A3700C6F279 /* glfw_window.h */ = {isa = PBXFileReference; fileEncoding = 4; lastKnownFileType = sourcecode.c.h; path = glfw_window.h; sourceTree = "<group>"; };
		0444E8EB28055A3700C6F279 /* glfw_window.cpp */ = {isa = PBXFileReference; fileEncoding = 4; lastKnownFileType = sourcecode.cpp.cpp; path = glfw_window.cpp; sourceTree = "<group>"; };
		0444E8EC28055A3700C6F279 /* window.cpp */ = {isa = PBXFileReference; fileEncoding = 4; lastKnownFileType = sourcecode.cpp.cpp; path = window.cpp; sourceTree = "<group>"; };
		0444E8ED28055A3700C6F279 /* application.h */ = {isa = PBXFileReference; fileEncoding = 4; lastKnownFileType = sourcecode.c.h; path = application.h; sourceTree = "<group>"; };
		0444E8EE28055A3700C6F279 /* input_events.h */ = {isa = PBXFileReference; fileEncoding = 4; lastKnownFileType = sourcecode.c.h; path = input_events.h; sourceTree = "<group>"; };
		0444E8EF28055A3700C6F279 /* application.cpp */ = {isa = PBXFileReference; fileEncoding = 4; lastKnownFileType = sourcecode.cpp.cpp; path = application.cpp; sourceTree = "<group>"; };
		0444E8F028055A3700C6F279 /* parser.h */ = {isa = PBXFileReference; fileEncoding = 4; lastKnownFileType = sourcecode.c.h; path = parser.h; sourceTree = "<group>"; };
		0444E8F128055A3700C6F279 /* parser.cpp */ = {isa = PBXFileReference; fileEncoding = 4; lastKnownFileType = sourcecode.cpp.cpp; path = parser.cpp; sourceTree = "<group>"; };
		0444E8F228055A3800C6F279 /* platform.h */ = {isa = PBXFileReference; fileEncoding = 4; lastKnownFileType = sourcecode.c.h; path = platform.h; sourceTree = "<group>"; };
		0444E8F328055A3800C6F279 /* headless_window.cpp */ = {isa = PBXFileReference; fileEncoding = 4; lastKnownFileType = sourcecode.cpp.cpp; path = headless_window.cpp; sourceTree = "<group>"; };
		0444E8F528055A3800C6F279 /* input_events.cpp */ = {isa = PBXFileReference; fileEncoding = 4; lastKnownFileType = sourcecode.cpp.cpp; path = input_events.cpp; sourceTree = "<group>"; };
		0444E8F628055A3800C6F279 /* platform.cpp */ = {isa = PBXFileReference; fileEncoding = 4; lastKnownFileType = sourcecode.cpp.cpp; path = platform.cpp; sourceTree = "<group>"; };
		0444E8F728055A3800C6F279 /* filesystem.h */ = {isa = PBXFileReference; fileEncoding = 4; lastKnownFileType = sourcecode.c.h; path = filesystem.h; sourceTree = "<group>"; };
		0444E8F828055A3800C6F279 /* configuration.cpp */ = {isa = PBXFileReference; fileEncoding = 4; lastKnownFileType = sourcecode.cpp.cpp; path = configuration.cpp; sourceTree = "<group>"; };
		0444E91528055C6D00C6F279 /* instance.h */ = {isa = PBXFileReference; fileEncoding = 4; lastKnownFileType = sourcecode.c.h; path = instance.h; sourceTree = "<group>"; };
		0444E91628055C6D00C6F279 /* physical_device.h */ = {isa = PBXFileReference; fileEncoding = 4; lastKnownFileType = sourcecode.c.h; path = physical_device.h; sourceTree = "<group>"; };
		0444E91728055C6D00C6F279 /* physical_device.cpp */ = {isa = PBXFileReference; fileEncoding = 4; lastKnownFileType = sourcecode.cpp.cpp; path = physical_device.cpp; sourceTree = "<group>"; };
		0444E91828055C6D00C6F279 /* instance.cpp */ = {isa = PBXFileReference; fileEncoding = 4; lastKnownFileType = sourcecode.cpp.cpp; path = instance.cpp; sourceTree = "<group>"; };
		0444E92B28055D5D00C6F279 /* timer.cpp */ = {isa = PBXFileReference; fileEncoding = 4; lastKnownFileType = sourcecode.cpp.cpp; path = timer.cpp; sourceTree = "<group>"; };
		0444E92C28055D5D00C6F279 /* timer.h */ = {isa = PBXFileReference; fileEncoding = 4; lastKnownFileType = sourcecode.c.h; path = timer.h; sourceTree = "<group>"; };
		0444E92F28055D9300C6F279 /* debug_info.h */ = {isa = PBXFileReference; fileEncoding = 4; lastKnownFileType = sourcecode.c.h; path = debug_info.h; sourceTree = "<group>"; };
		0444E93028055D9300C6F279 /* debug_info.cpp */ = {isa = PBXFileReference; fileEncoding = 4; lastKnownFileType = sourcecode.cpp.cpp; path = debug_info.cpp; sourceTree = "<group>"; };
		047BB5C22803A96500CD5749 /* apps */ = {isa = PBXFileReference; explicitFileType = "compiled.mach-o.executable"; includeInIndex = 0; path = apps; sourceTree = BUILT_PRODUCTS_DIR; };
		047BB5C52803A96500CD5749 /* main.cpp */ = {isa = PBXFileReference; lastKnownFileType = sourcecode.cpp.cpp; path = main.cpp; sourceTree = "<group>"; };
		047BB5D02803A99E00CD5749 /* libvox.render.a */ = {isa = PBXFileReference; explicitFileType = archive.ar; includeInIndex = 0; path = libvox.render.a; sourceTree = BUILT_PRODUCTS_DIR; };
		047BB5DF2803A9B700CD5749 /* libvox.math.a */ = {isa = PBXFileReference; explicitFileType = archive.ar; includeInIndex = 0; path = libvox.math.a; sourceTree = BUILT_PRODUCTS_DIR; };
/* End PBXFileReference section */

/* Begin PBXFrameworksBuildPhase section */
		047BB5BF2803A96500CD5749 /* Frameworks */ = {
			isa = PBXFrameworksBuildPhase;
			buildActionMask = 2147483647;
			files = (
			);
			runOnlyForDeploymentPostprocessing = 0;
		};
		047BB5CE2803A99E00CD5749 /* Frameworks */ = {
			isa = PBXFrameworksBuildPhase;
			buildActionMask = 2147483647;
			files = (
			);
			runOnlyForDeploymentPostprocessing = 0;
		};
		047BB5DD2803A9B700CD5749 /* Frameworks */ = {
			isa = PBXFrameworksBuildPhase;
			buildActionMask = 2147483647;
			files = (
			);
			runOnlyForDeploymentPostprocessing = 0;
		};
/* End PBXFrameworksBuildPhase section */

/* Begin PBXGroup section */
		0444E4E62803C84500C6F279 /* query_engines */ = {
			isa = PBXGroup;
			children = (
				0444E4642803C73D00C6F279 /* bvh2.h */,
				0444E4502803C73C00C6F279 /* bvh2-inl.h */,
				0444E43E2803C73C00C6F279 /* bvh3.h */,
				0444E4672803C73D00C6F279 /* bvh3-inl.h */,
				0444E4602803C73D00C6F279 /* quadtree.h */,
				0444E4632803C73D00C6F279 /* quadtree-inl.h */,
				0444E4482803C73C00C6F279 /* octree.h */,
				0444E4422803C73C00C6F279 /* octree-inl.h */,
				0444E47A2803C73D00C6F279 /* list_query_engine2.h */,
				0444E47E2803C73D00C6F279 /* list_query_engine2-inl.h */,
				0444E47F2803C73D00C6F279 /* list_query_engine3.h */,
				0444E46C2803C73D00C6F279 /* list_query_engine3-inl.h */,
			);
			name = query_engines;
			sourceTree = "<group>";
		};
		0444E81A2805556100C6F279 /* core */ = {
			isa = PBXGroup;
			children = (
				0444E91528055C6D00C6F279 /* instance.h */,
				0444E91828055C6D00C6F279 /* instance.cpp */,
				0444E91628055C6D00C6F279 /* physical_device.h */,
				0444E91728055C6D00C6F279 /* physical_device.cpp */,
				0444E8352805559F00C6F279 /* vulkan_resource.h */,
				0444E857280555A100C6F279 /* vulkan_resource.cpp */,
				0444E8242805559E00C6F279 /* device.h */,
				0444E84D280555A000C6F279 /* device.cpp */,
				0444E8C42805585800C6F279 /* shader_module.h */,
				0444E8C32805585800C6F279 /* shader_module.cpp */,
			);
			path = core;
			sourceTree = "<group>";
		};
		0444E8CC280559BC00C6F279 /* platform */ = {
			isa = PBXGroup;
			children = (
				0444E8E428055A3700C6F279 /* window.h */,
				0444E8EC28055A3700C6F279 /* window.cpp */,
				0444E8E828055A3700C6F279 /* glfw_window.h */,
				0444E8EB28055A3700C6F279 /* glfw_window.cpp */,
				0444E8E628055A3700C6F279 /* headless_window.h */,
				0444E8F328055A3800C6F279 /* headless_window.cpp */,
				0444E8F228055A3800C6F279 /* platform.h */,
				0444E8F628055A3800C6F279 /* platform.cpp */,
				0444E8CD280559C300C6F279 /* android */,
				0444E8D1280559DD00C6F279 /* windows */,
				0444E8D0280559D700C6F279 /* unix */,
				0444E8CF280559D000C6F279 /* plugins */,
				0444E8F028055A3700C6F279 /* parser.h */,
				0444E8F128055A3700C6F279 /* parser.cpp */,
				0444E8CE280559CA00C6F279 /* parsers */,
				0444E8ED28055A3700C6F279 /* application.h */,
				0444E8EF28055A3700C6F279 /* application.cpp */,
				0444E8E528055A3700C6F279 /* configuration.h */,
				0444E8F828055A3800C6F279 /* configuration.cpp */,
				0444E8F728055A3800C6F279 /* filesystem.h */,
				0444E8E728055A3700C6F279 /* filesystem.cpp */,
				0444E8EE28055A3700C6F279 /* input_events.h */,
				0444E8F528055A3800C6F279 /* input_events.cpp */,
			);
			path = platform;
			sourceTree = "<group>";
		};
		0444E8CD280559C300C6F279 /* android */ = {
			isa = PBXGroup;
			children = (
			);
			path = android;
			sourceTree = "<group>";
		};
		0444E8CE280559CA00C6F279 /* parsers */ = {
			isa = PBXGroup;
			children = (
				0444E8DC28055A2900C6F279 /* CLI11.h */,
				0444E8DF28055A2900C6F279 /* CLI11.cpp */,
				0444E8DE28055A2900C6F279 /* help_formatter.h */,
				0444E8DD28055A2900C6F279 /* help_formatter.cpp */,
			);
			path = parsers;
			sourceTree = "<group>";
		};
		0444E8CF280559D000C6F279 /* plugins */ = {
			isa = PBXGroup;
			children = (
				0444E8D828055A2400C6F279 /* plugin_base.h */,
				0444E8D728055A2400C6F279 /* plugin.h */,
				0444E8D628055A2400C6F279 /* plugin.cpp */,
			);
			path = plugins;
			sourceTree = "<group>";
		};
		0444E8D0280559D700C6F279 /* unix */ = {
			isa = PBXGroup;
			children = (
				0444E8D228055A1E00C6F279 /* unix_platform.h */,
				0444E8D328055A1E00C6F279 /* unix_platform.cpp */,
			);
			path = unix;
			sourceTree = "<group>";
		};
		0444E8D1280559DD00C6F279 /* windows */ = {
			isa = PBXGroup;
			children = (
			);
			path = windows;
			sourceTree = "<group>";
		};
		047BB5B92803A96500CD5749 = {
			isa = PBXGroup;
			children = (
				047BB5E02803A9B700CD5749 /* vox.math */,
				047BB5D12803A99E00CD5749 /* vox.render */,
				047BB5C42803A96500CD5749 /* apps */,
				047BB5C32803A96500CD5749 /* Products */,
			);
			sourceTree = "<group>";
		};
		047BB5C32803A96500CD5749 /* Products */ = {
			isa = PBXGroup;
			children = (
				047BB5C22803A96500CD5749 /* apps */,
				047BB5D02803A99E00CD5749 /* libvox.render.a */,
				047BB5DF2803A9B700CD5749 /* libvox.math.a */,
			);
			name = Products;
			sourceTree = "<group>";
		};
		047BB5C42803A96500CD5749 /* apps */ = {
			isa = PBXGroup;
			children = (
				047BB5C52803A96500CD5749 /* main.cpp */,
			);
			path = apps;
			sourceTree = "<group>";
		};
		047BB5D12803A99E00CD5749 /* vox.render */ = {
			isa = PBXGroup;
			children = (
				0444E8002805552B00C6F279 /* strings.h */,
				0444E7FB2805552B00C6F279 /* strings.cpp */,
				0444E7FD2805552B00C6F279 /* logging.h */,
				0444E7F52805552B00C6F279 /* vk_initializers.h */,
				0444E7F42805552A00C6F279 /* vk_common.h */,
				0444E8012805552B00C6F279 /* vk_common.cpp */,
				0444E7F72805552B00C6F279 /* helpers.h */,
				0444E7FA2805552B00C6F279 /* error.h */,
				0444E7F92805552B00C6F279 /* error.cpp */,
				0444E8052805552B00C6F279 /* resource_caching.h */,
				0444E7FC2805552B00C6F279 /* tags.h */,
				0444E7FE2805552B00C6F279 /* utils.h */,
				0444E7F62805552B00C6F279 /* utils.cpp */,
				0444E92C28055D5D00C6F279 /* timer.h */,
				0444E92B28055D5D00C6F279 /* timer.cpp */,
				0444E92F28055D9300C6F279 /* debug_info.h */,
				0444E93028055D9300C6F279 /* debug_info.cpp */,
				0444E81A2805556100C6F279 /* core */,
				0444E8CC280559BC00C6F279 /* platform */,
				0444E8AD280555E800C6F279 /* glsl_compiler.h */,
				0444E8AE280555E800C6F279 /* glsl_compiler.cpp */,
				0444E8AB280555E800C6F279 /* spirv_reflection.h */,
				0444E8AC280555E800C6F279 /* spirv_reflection.cpp */,
			);
			path = vox.render;
			sourceTree = "<group>";
		};
		047BB5E02803A9B700CD5749 /* vox.math */ = {
			isa = PBXGroup;
			children = (
				0444E4542803C73C00C6F279 /* macros.h */,
				0444E42C2803C73C00C6F279 /* constants.h */,
				0444E4802803C73D00C6F279 /* parallel.h */,
				0444E4622803C73D00C6F279 /* parallel-inl.h */,
				0444E44E2803C73C00C6F279 /* parallel.cpp */,
				0444E4842803C73E00C6F279 /* type_helpers.h */,
				0444E45C2803C73D00C6F279 /* functors.h */,
				0444E44A2803C73C00C6F279 /* functors-inl.h */,
				0444E4522803C73C00C6F279 /* math_utils.h */,
				0444E45A2803C73D00C6F279 /* math_utils-inl.h */,
				0444E45D2803C73D00C6F279 /* algorithm.h */,
				0444E4732803C73D00C6F279 /* random.h */,
				0444E4652803C73D00C6F279 /* random.cpp */,
				0444E4402803C73C00C6F279 /* vector_expression.h */,
				0444E4582803C73D00C6F279 /* vector_expression-inl.h */,
				0444E46A2803C73D00C6F279 /* vector.h */,
				0444E4472803C73C00C6F279 /* vector-inl.h */,
				0444E4662803C73D00C6F279 /* vector2.h */,
				0444E47D2803C73D00C6F279 /* vector2-inl.h */,
				0444E4712803C73D00C6F279 /* vector3-inl.h */,
				0444E4792803C73D00C6F279 /* vector3.h */,
				0444E4552803C73D00C6F279 /* vector4.h */,
				0444E44D2803C73C00C6F279 /* vector4-inl.h */,
				0444E4492803C73C00C6F279 /* point.h */,
				0444E44F2803C73C00C6F279 /* point-inl.h */,
				0444E42A2803C73C00C6F279 /* point2.h */,
				0444E4362803C73C00C6F279 /* point2-inl.h */,
				0444E4562803C73D00C6F279 /* point3.h */,
				0444E42E2803C73C00C6F279 /* point3-inl.h */,
				0444E4612803C73D00C6F279 /* size.h */,
				0444E4382803C73C00C6F279 /* size-inl.h */,
				0444E4452803C73C00C6F279 /* size2.h */,
				0444E4432803C73C00C6F279 /* size2-inl.h */,
				0444E43D2803C73C00C6F279 /* size3.h */,
				0444E43C2803C73C00C6F279 /* size3-inl.h */,
				0444E4342803C73C00C6F279 /* matrix_expression.h */,
				0444E45B2803C73D00C6F279 /* matrix_expression-inl.h */,
				0444E45E2803C73D00C6F279 /* matrix.h */,
				0444E47B2803C73D00C6F279 /* matrix-inl.h */,
				0444E42F2803C73C00C6F279 /* matrix2x2.h */,
				0444E4532803C73C00C6F279 /* matrix2x2-inl.h */,
				0444E4682803C73D00C6F279 /* matrix3x3.h */,
				0444E4762803C73D00C6F279 /* matrix3x3-inl.h */,
				0444E4752803C73D00C6F279 /* matrix4x4.h */,
				0444E4592803C73D00C6F279 /* matrix4x4-inl.h */,
				0444E42B2803C73C00C6F279 /* matrix_utils.h */,
				0444E44C2803C73C00C6F279 /* quaternion.h */,
				0444E43B2803C73C00C6F279 /* quaternion-inl.h */,
				0444E44B2803C73C00C6F279 /* transform2.h */,
				0444E4782803C73D00C6F279 /* transform2-inl.h */,
				0444E43F2803C73C00C6F279 /* transform3.h */,
				0444E4832803C73D00C6F279 /* transform3-inl.h */,
				0444E46E2803C73D00C6F279 /* bounding_box.h */,
				0444E4512803C73C00C6F279 /* bounding_box-inl.h */,
				0444E4442803C73C00C6F279 /* bounding_box2.h */,
				0444E4312803C73C00C6F279 /* bounding_box2-inl.h */,
				0444E4852803C73E00C6F279 /* bounding_box3.h */,
				0444E4392803C73C00C6F279 /* bounding_box3-inl.h */,
				0444E4692803C73D00C6F279 /* bounding_plane.h */,
				0444E42D2803C73C00C6F279 /* bounding_plane2.h */,
				0444E45F2803C73D00C6F279 /* bounding_plane2-inl.h */,
				0444E4772803C73D00C6F279 /* bounding_plane3.h */,
				0444E4862803C73E00C6F279 /* bounding_plane3-inl.h */,
				0444E4872803C73E00C6F279 /* ray.h */,
				0444E47C2803C73D00C6F279 /* ray2.h */,
				0444E4572803C73D00C6F279 /* ray2-inl.h */,
				0444E4812803C73D00C6F279 /* ray3.h */,
				0444E4372803C73C00C6F279 /* ray3-inl.h */,
				0444E4302803C73C00C6F279 /* level_set_utils.h */,
				0444E4412803C73C00C6F279 /* level_set_utils-inl.h */,
				0444E4332803C73C00C6F279 /* intersection_query_engine2.h */,
				0444E4352803C73C00C6F279 /* intersection_query_engine3.h */,
				0444E4462803C73C00C6F279 /* nearest_neighbor_query_engine2.h */,
				0444E4742803C73D00C6F279 /* nearest_neighbor_query_engine3.h */,
				0444E4E62803C84500C6F279 /* query_engines */,
				0444E46B2803C73D00C6F279 /* bounding_frustum.h */,
				0444E43A2803C73C00C6F279 /* bounding_frustum.cpp */,
				0444E46D2803C73D00C6F279 /* collision_utils.h */,
				0444E4322803C73C00C6F279 /* collision_utils.cpp */,
				0444E46F2803C73D00C6F279 /* color.h */,
				0444E4822803C73D00C6F279 /* color.cpp */,
				0444E4702803C73D00C6F279 /* spherical_harmonics3.h */,
				0444E4722803C73D00C6F279 /* spherical_harmonics3.cpp */,
			);
			path = vox.math;
			sourceTree = "<group>";
		};
/* End PBXGroup section */

/* Begin PBXHeadersBuildPhase section */
		047BB5CC2803A99E00CD5749 /* Headers */ = {
			isa = PBXHeadersBuildPhase;
			buildActionMask = 2147483647;
			files = (
				0444E8B8280556B100C6F279 /* vk_initializers.h in Headers */,
				0444E8B52805567000C6F279 /* logging.h in Headers */,
				0444E8BA280556B100C6F279 /* vk_common.h in Headers */,
				0444E8B42805560C00C6F279 /* strings.h in Headers */,
				0444E93128055D9300C6F279 /* debug_info.h in Headers */,
				0444E8C0280557ED00C6F279 /* resource_caching.h in Headers */,
				0444E8BF280557ED00C6F279 /* tags.h in Headers */,
				0444E92E28055D5D00C6F279 /* timer.h in Headers */,
				0444E8BD2805579F00C6F279 /* helpers.h in Headers */,
				0444E92128055CE400C6F279 /* physical_device.h in Headers */,
				0444E8C72805589600C6F279 /* glsl_compiler.h in Headers */,
				0444E8BB2805570600C6F279 /* error.h in Headers */,
				0444E8C62805585800C6F279 /* shader_module.h in Headers */,
				0444E8CA2805589600C6F279 /* spirv_reflection.h in Headers */,
				0444E92228055CE400C6F279 /* instance.h in Headers */,
			);
			runOnlyForDeploymentPostprocessing = 0;
		};
		047BB5DB2803A9B700CD5749 /* Headers */ = {
			isa = PBXHeadersBuildPhase;
			buildActionMask = 2147483647;
			files = (
				0444E4DA2803C73E00C6F279 /* ray2.h in Headers */,
				0444E4D42803C73E00C6F279 /* matrix3x3-inl.h in Headers */,
				0444E4B52803C73E00C6F279 /* ray2-inl.h in Headers */,
				0444E48A2803C73E00C6F279 /* constants.h in Headers */,
				0444E4D22803C73E00C6F279 /* nearest_neighbor_query_engine3.h in Headers */,
				0444E4B12803C73E00C6F279 /* matrix2x2-inl.h in Headers */,
				0444E4DC2803C73E00C6F279 /* list_query_engine2-inl.h in Headers */,
				0444E4CB2803C73E00C6F279 /* collision_utils.h in Headers */,
				0444E4D82803C73E00C6F279 /* list_query_engine2.h in Headers */,
				0444E4DB2803C73E00C6F279 /* vector2-inl.h in Headers */,
				0444E4922803C73E00C6F279 /* matrix_expression.h in Headers */,
				0444E48F2803C73E00C6F279 /* bounding_box2-inl.h in Headers */,
				0444E4D32803C73E00C6F279 /* matrix4x4.h in Headers */,
				0444E4C12803C73E00C6F279 /* quadtree-inl.h in Headers */,
				0444E4A42803C73E00C6F279 /* nearest_neighbor_query_engine2.h in Headers */,
				0444E4912803C73E00C6F279 /* intersection_query_engine2.h in Headers */,
				0444E4A52803C73E00C6F279 /* vector-inl.h in Headers */,
				0444E4B02803C73E00C6F279 /* math_utils.h in Headers */,
				0444E4AE2803C73E00C6F279 /* bvh2-inl.h in Headers */,
				0444E4D92803C73E00C6F279 /* matrix-inl.h in Headers */,
				0444E4CD2803C73E00C6F279 /* color.h in Headers */,
				0444E4C52803C73E00C6F279 /* bvh3-inl.h in Headers */,
				0444E4B32803C73E00C6F279 /* vector4.h in Headers */,
				0444E49F2803C73E00C6F279 /* level_set_utils-inl.h in Headers */,
				0444E4D52803C73E00C6F279 /* bounding_plane3.h in Headers */,
				0444E49C2803C73E00C6F279 /* bvh3.h in Headers */,
				0444E4B22803C73E00C6F279 /* macros.h in Headers */,
				0444E4CA2803C73E00C6F279 /* list_query_engine3-inl.h in Headers */,
				0444E4A12803C73E00C6F279 /* size2-inl.h in Headers */,
				0444E4C42803C73E00C6F279 /* vector2.h in Headers */,
				0444E4A02803C73E00C6F279 /* octree-inl.h in Headers */,
				0444E48C2803C73E00C6F279 /* point3-inl.h in Headers */,
				0444E4882803C73E00C6F279 /* point2.h in Headers */,
				0444E4B82803C73E00C6F279 /* math_utils-inl.h in Headers */,
				0444E4BE2803C73E00C6F279 /* quadtree.h in Headers */,
				0444E4942803C73E00C6F279 /* point2-inl.h in Headers */,
				0444E4BA2803C73E00C6F279 /* functors.h in Headers */,
				0444E4932803C73E00C6F279 /* intersection_query_engine3.h in Headers */,
				0444E49D2803C73E00C6F279 /* transform3.h in Headers */,
				0444E4A72803C73E00C6F279 /* point.h in Headers */,
				0444E4A92803C73E00C6F279 /* transform2.h in Headers */,
				0444E4BC2803C73E00C6F279 /* matrix.h in Headers */,
				0444E4D72803C73E00C6F279 /* vector3.h in Headers */,
				0444E4CE2803C73E00C6F279 /* spherical_harmonics3.h in Headers */,
				0444E48E2803C73E00C6F279 /* level_set_utils.h in Headers */,
				0444E4DE2803C73E00C6F279 /* parallel.h in Headers */,
				0444E4B42803C73E00C6F279 /* point3.h in Headers */,
				0444E48B2803C73E00C6F279 /* bounding_plane2.h in Headers */,
				0444E4CF2803C73E00C6F279 /* vector3-inl.h in Headers */,
				0444E4BB2803C73E00C6F279 /* algorithm.h in Headers */,
				0444E4E42803C73E00C6F279 /* bounding_plane3-inl.h in Headers */,
				0444E4DD2803C73E00C6F279 /* list_query_engine3.h in Headers */,
				0444E4BF2803C73E00C6F279 /* size.h in Headers */,
				0444E48D2803C73E00C6F279 /* matrix2x2.h in Headers */,
				0444E4D12803C73E00C6F279 /* random.h in Headers */,
				0444E4E52803C73E00C6F279 /* ray.h in Headers */,
				0444E4A32803C73E00C6F279 /* size2.h in Headers */,
				0444E4AD2803C73E00C6F279 /* point-inl.h in Headers */,
				0444E4892803C73E00C6F279 /* matrix_utils.h in Headers */,
				0444E4A62803C73E00C6F279 /* octree.h in Headers */,
				0444E4C62803C73E00C6F279 /* matrix3x3.h in Headers */,
				0444E4C02803C73E00C6F279 /* parallel-inl.h in Headers */,
				0444E4B72803C73E00C6F279 /* matrix4x4-inl.h in Headers */,
				0444E4992803C73E00C6F279 /* quaternion-inl.h in Headers */,
				0444E4AA2803C73E00C6F279 /* quaternion.h in Headers */,
				0444E4C92803C73E00C6F279 /* bounding_frustum.h in Headers */,
				0444E49A2803C73E00C6F279 /* size3-inl.h in Headers */,
				0444E4E12803C73E00C6F279 /* transform3-inl.h in Headers */,
				0444E4952803C73E00C6F279 /* ray3-inl.h in Headers */,
				0444E4E22803C73E00C6F279 /* type_helpers.h in Headers */,
				0444E4A22803C73E00C6F279 /* bounding_box2.h in Headers */,
				0444E4CC2803C73E00C6F279 /* bounding_box.h in Headers */,
				0444E4AB2803C73E00C6F279 /* vector4-inl.h in Headers */,
				0444E4C22803C73E00C6F279 /* bvh2.h in Headers */,
				0444E4E32803C73E00C6F279 /* bounding_box3.h in Headers */,
				0444E4AF2803C73E00C6F279 /* bounding_box-inl.h in Headers */,
				0444E49B2803C73E00C6F279 /* size3.h in Headers */,
				0444E4B62803C73E00C6F279 /* vector_expression-inl.h in Headers */,
				0444E4962803C73E00C6F279 /* size-inl.h in Headers */,
				0444E4A82803C73E00C6F279 /* functors-inl.h in Headers */,
				0444E4972803C73E00C6F279 /* bounding_box3-inl.h in Headers */,
				0444E4D62803C73E00C6F279 /* transform2-inl.h in Headers */,
				0444E4B92803C73E00C6F279 /* matrix_expression-inl.h in Headers */,
				0444E49E2803C73E00C6F279 /* vector_expression.h in Headers */,
				0444E4DF2803C73E00C6F279 /* ray3.h in Headers */,
				0444E4BD2803C73E00C6F279 /* bounding_plane2-inl.h in Headers */,
				0444E4C72803C73E00C6F279 /* bounding_plane.h in Headers */,
				0444E4C82803C73E00C6F279 /* vector.h in Headers */,
			);
			runOnlyForDeploymentPostprocessing = 0;
		};
/* End PBXHeadersBuildPhase section */

/* Begin PBXNativeTarget section */
		047BB5C12803A96500CD5749 /* apps */ = {
			isa = PBXNativeTarget;
			buildConfigurationList = 047BB5C92803A96500CD5749 /* Build configuration list for PBXNativeTarget "apps" */;
			buildPhases = (
				047BB5BE2803A96500CD5749 /* Sources */,
				047BB5BF2803A96500CD5749 /* Frameworks */,
				047BB5C02803A96500CD5749 /* CopyFiles */,
			);
			buildRules = (
			);
			dependencies = (
			);
			name = apps;
			productName = DigitalVox5;
			productReference = 047BB5C22803A96500CD5749 /* apps */;
			productType = "com.apple.product-type.tool";
		};
		047BB5CF2803A99E00CD5749 /* vox.render */ = {
			isa = PBXNativeTarget;
			buildConfigurationList = 047BB5D82803A99E00CD5749 /* Build configuration list for PBXNativeTarget "vox.render" */;
			buildPhases = (
				047BB5CC2803A99E00CD5749 /* Headers */,
				047BB5CD2803A99E00CD5749 /* Sources */,
				047BB5CE2803A99E00CD5749 /* Frameworks */,
			);
			buildRules = (
			);
			dependencies = (
			);
			name = vox.render;
			productName = vox.render;
			productReference = 047BB5D02803A99E00CD5749 /* libvox.render.a */;
			productType = "com.apple.product-type.library.static";
		};
		047BB5DE2803A9B700CD5749 /* vox.math */ = {
			isa = PBXNativeTarget;
			buildConfigurationList = 047BB5E72803A9B700CD5749 /* Build configuration list for PBXNativeTarget "vox.math" */;
			buildPhases = (
				047BB5DB2803A9B700CD5749 /* Headers */,
				047BB5DC2803A9B700CD5749 /* Sources */,
				047BB5DD2803A9B700CD5749 /* Frameworks */,
			);
			buildRules = (
			);
			dependencies = (
			);
			name = vox.math;
			productName = vox.math;
			productReference = 047BB5DF2803A9B700CD5749 /* libvox.math.a */;
			productType = "com.apple.product-type.library.static";
		};
/* End PBXNativeTarget section */

/* Begin PBXProject section */
		047BB5BA2803A96500CD5749 /* Project object */ = {
			isa = PBXProject;
			attributes = {
				BuildIndependentTargetsInParallel = 1;
				LastUpgradeCheck = 1330;
				TargetAttributes = {
					047BB5C12803A96500CD5749 = {
						CreatedOnToolsVersion = 13.3;
					};
					047BB5CF2803A99E00CD5749 = {
						CreatedOnToolsVersion = 13.3;
					};
					047BB5DE2803A9B700CD5749 = {
						CreatedOnToolsVersion = 13.3;
					};
				};
			};
			buildConfigurationList = 047BB5BD2803A96500CD5749 /* Build configuration list for PBXProject "DigitalVox5" */;
			compatibilityVersion = "Xcode 13.0";
			developmentRegion = en;
			hasScannedForEncodings = 0;
			knownRegions = (
				en,
				Base,
			);
			mainGroup = 047BB5B92803A96500CD5749;
			productRefGroup = 047BB5C32803A96500CD5749 /* Products */;
			projectDirPath = "";
			projectRoot = "";
			targets = (
				047BB5DE2803A9B700CD5749 /* vox.math */,
				047BB5CF2803A99E00CD5749 /* vox.render */,
				047BB5C12803A96500CD5749 /* apps */,
			);
		};
/* End PBXProject section */

/* Begin PBXSourcesBuildPhase section */
		047BB5BE2803A96500CD5749 /* Sources */ = {
			isa = PBXSourcesBuildPhase;
			buildActionMask = 2147483647;
			files = (
				047BB5C62803A96500CD5749 /* main.cpp in Sources */,
			);
			runOnlyForDeploymentPostprocessing = 0;
		};
		047BB5CD2803A99E00CD5749 /* Sources */ = {
			isa = PBXSourcesBuildPhase;
			buildActionMask = 2147483647;
			files = (
				0444E92028055CE400C6F279 /* physical_device.cpp in Sources */,
				0444E91F28055CE400C6F279 /* instance.cpp in Sources */,
				0444E93228055D9300C6F279 /* debug_info.cpp in Sources */,
				0444E8B32805560C00C6F279 /* strings.cpp in Sources */,
				0444E8C82805589600C6F279 /* spirv_reflection.cpp in Sources */,
				0444E8B9280556B100C6F279 /* vk_common.cpp in Sources */,
				0444E8C92805589600C6F279 /* glsl_compiler.cpp in Sources */,
				0444E8BC2805570600C6F279 /* error.cpp in Sources */,
				0444E92D28055D5D00C6F279 /* timer.cpp in Sources */,
			);
			runOnlyForDeploymentPostprocessing = 0;
		};
		047BB5DC2803A9B700CD5749 /* Sources */ = {
			isa = PBXSourcesBuildPhase;
			buildActionMask = 2147483647;
			files = (
				0444E4D02803C73E00C6F279 /* spherical_harmonics3.cpp in Sources */,
				0444E4C32803C73E00C6F279 /* random.cpp in Sources */,
				0444E4982803C73E00C6F279 /* bounding_frustum.cpp in Sources */,
				0444E4E02803C73E00C6F279 /* color.cpp in Sources */,
				0444E4902803C73E00C6F279 /* collision_utils.cpp in Sources */,
				0444E4AC2803C73E00C6F279 /* parallel.cpp in Sources */,
			);
			runOnlyForDeploymentPostprocessing = 0;
		};
/* End PBXSourcesBuildPhase section */

/* Begin XCBuildConfiguration section */
		047BB5C72803A96500CD5749 /* Debug */ = {
			isa = XCBuildConfiguration;
			buildSettings = {
				ALWAYS_SEARCH_USER_PATHS = NO;
				CLANG_ANALYZER_NONNULL = YES;
				CLANG_ANALYZER_NUMBER_OBJECT_CONVERSION = YES_AGGRESSIVE;
				CLANG_CXX_LANGUAGE_STANDARD = "gnu++17";
				CLANG_ENABLE_MODULES = YES;
				CLANG_ENABLE_OBJC_ARC = YES;
				CLANG_ENABLE_OBJC_WEAK = YES;
				CLANG_WARN_BLOCK_CAPTURE_AUTORELEASING = YES;
				CLANG_WARN_BOOL_CONVERSION = YES;
				CLANG_WARN_COMMA = YES;
				CLANG_WARN_CONSTANT_CONVERSION = YES;
				CLANG_WARN_DEPRECATED_OBJC_IMPLEMENTATIONS = YES;
				CLANG_WARN_DIRECT_OBJC_ISA_USAGE = YES_ERROR;
				CLANG_WARN_DOCUMENTATION_COMMENTS = YES;
				CLANG_WARN_EMPTY_BODY = YES;
				CLANG_WARN_ENUM_CONVERSION = YES;
				CLANG_WARN_INFINITE_RECURSION = YES;
				CLANG_WARN_INT_CONVERSION = YES;
				CLANG_WARN_NON_LITERAL_NULL_CONVERSION = YES;
				CLANG_WARN_OBJC_IMPLICIT_RETAIN_SELF = YES;
				CLANG_WARN_OBJC_LITERAL_CONVERSION = YES;
				CLANG_WARN_OBJC_ROOT_CLASS = YES_ERROR;
				CLANG_WARN_QUOTED_INCLUDE_IN_FRAMEWORK_HEADER = YES;
				CLANG_WARN_RANGE_LOOP_ANALYSIS = YES;
				CLANG_WARN_STRICT_PROTOTYPES = YES;
				CLANG_WARN_SUSPICIOUS_MOVE = YES;
				CLANG_WARN_UNGUARDED_AVAILABILITY = YES_AGGRESSIVE;
				CLANG_WARN_UNREACHABLE_CODE = YES;
				CLANG_WARN__DUPLICATE_METHOD_MATCH = YES;
				COPY_PHASE_STRIP = NO;
				DEBUG_INFORMATION_FORMAT = dwarf;
				ENABLE_STRICT_OBJC_MSGSEND = YES;
				ENABLE_TESTABILITY = YES;
				GCC_C_LANGUAGE_STANDARD = gnu11;
				GCC_DYNAMIC_NO_PIC = NO;
				GCC_NO_COMMON_BLOCKS = YES;
				GCC_OPTIMIZATION_LEVEL = 0;
				GCC_PREPROCESSOR_DEFINITIONS = (
					"DEBUG=1",
					"$(inherited)",
				);
				GCC_WARN_64_TO_32_BIT_CONVERSION = YES;
				GCC_WARN_ABOUT_RETURN_TYPE = YES_ERROR;
				GCC_WARN_UNDECLARED_SELECTOR = YES;
				GCC_WARN_UNINITIALIZED_AUTOS = YES_AGGRESSIVE;
				GCC_WARN_UNUSED_FUNCTION = YES;
				GCC_WARN_UNUSED_VARIABLE = YES;
				MACOSX_DEPLOYMENT_TARGET = 12.3;
				MTL_ENABLE_DEBUG_INFO = INCLUDE_SOURCE;
				MTL_FAST_MATH = YES;
				ONLY_ACTIVE_ARCH = YES;
				SDKROOT = macosx;
			};
			name = Debug;
		};
		047BB5C82803A96500CD5749 /* Release */ = {
			isa = XCBuildConfiguration;
			buildSettings = {
				ALWAYS_SEARCH_USER_PATHS = NO;
				CLANG_ANALYZER_NONNULL = YES;
				CLANG_ANALYZER_NUMBER_OBJECT_CONVERSION = YES_AGGRESSIVE;
				CLANG_CXX_LANGUAGE_STANDARD = "gnu++17";
				CLANG_ENABLE_MODULES = YES;
				CLANG_ENABLE_OBJC_ARC = YES;
				CLANG_ENABLE_OBJC_WEAK = YES;
				CLANG_WARN_BLOCK_CAPTURE_AUTORELEASING = YES;
				CLANG_WARN_BOOL_CONVERSION = YES;
				CLANG_WARN_COMMA = YES;
				CLANG_WARN_CONSTANT_CONVERSION = YES;
				CLANG_WARN_DEPRECATED_OBJC_IMPLEMENTATIONS = YES;
				CLANG_WARN_DIRECT_OBJC_ISA_USAGE = YES_ERROR;
				CLANG_WARN_DOCUMENTATION_COMMENTS = YES;
				CLANG_WARN_EMPTY_BODY = YES;
				CLANG_WARN_ENUM_CONVERSION = YES;
				CLANG_WARN_INFINITE_RECURSION = YES;
				CLANG_WARN_INT_CONVERSION = YES;
				CLANG_WARN_NON_LITERAL_NULL_CONVERSION = YES;
				CLANG_WARN_OBJC_IMPLICIT_RETAIN_SELF = YES;
				CLANG_WARN_OBJC_LITERAL_CONVERSION = YES;
				CLANG_WARN_OBJC_ROOT_CLASS = YES_ERROR;
				CLANG_WARN_QUOTED_INCLUDE_IN_FRAMEWORK_HEADER = YES;
				CLANG_WARN_RANGE_LOOP_ANALYSIS = YES;
				CLANG_WARN_STRICT_PROTOTYPES = YES;
				CLANG_WARN_SUSPICIOUS_MOVE = YES;
				CLANG_WARN_UNGUARDED_AVAILABILITY = YES_AGGRESSIVE;
				CLANG_WARN_UNREACHABLE_CODE = YES;
				CLANG_WARN__DUPLICATE_METHOD_MATCH = YES;
				COPY_PHASE_STRIP = NO;
				DEBUG_INFORMATION_FORMAT = "dwarf-with-dsym";
				ENABLE_NS_ASSERTIONS = NO;
				ENABLE_STRICT_OBJC_MSGSEND = YES;
				GCC_C_LANGUAGE_STANDARD = gnu11;
				GCC_NO_COMMON_BLOCKS = YES;
				GCC_WARN_64_TO_32_BIT_CONVERSION = YES;
				GCC_WARN_ABOUT_RETURN_TYPE = YES_ERROR;
				GCC_WARN_UNDECLARED_SELECTOR = YES;
				GCC_WARN_UNINITIALIZED_AUTOS = YES_AGGRESSIVE;
				GCC_WARN_UNUSED_FUNCTION = YES;
				GCC_WARN_UNUSED_VARIABLE = YES;
				MACOSX_DEPLOYMENT_TARGET = 12.3;
				MTL_ENABLE_DEBUG_INFO = NO;
				MTL_FAST_MATH = YES;
				SDKROOT = macosx;
			};
			name = Release;
		};
		047BB5CA2803A96500CD5749 /* Debug */ = {
			isa = XCBuildConfiguration;
			buildSettings = {
				CODE_SIGN_STYLE = Automatic;
				DEVELOPMENT_TEAM = 4SL5L673UU;
				ENABLE_HARDENED_RUNTIME = YES;
				PRODUCT_NAME = "$(TARGET_NAME)";
			};
			name = Debug;
		};
		047BB5CB2803A96500CD5749 /* Release */ = {
			isa = XCBuildConfiguration;
			buildSettings = {
				CODE_SIGN_STYLE = Automatic;
				DEVELOPMENT_TEAM = 4SL5L673UU;
				ENABLE_HARDENED_RUNTIME = YES;
				PRODUCT_NAME = "$(TARGET_NAME)";
			};
			name = Release;
		};
		047BB5D92803A99E00CD5749 /* Debug */ = {
			isa = XCBuildConfiguration;
			buildSettings = {
				CODE_SIGN_STYLE = Automatic;
				DEVELOPMENT_TEAM = 4SL5L673UU;
				EXECUTABLE_PREFIX = lib;
				GCC_ENABLE_CPP_EXCEPTIONS = YES;
				GCC_ENABLE_CPP_RTTI = YES;
				GCC_PREPROCESSOR_DEFINITIONS = (
					"'ROOT_PATH_SIZE=39'",
					VK_NO_PROTOTYPES,
					VK_USE_PLATFORM_METAL_EXT,
					LIBKTX,
					"'KTX_FEATURE_WRITE=0'",
					"'BASISD_SUPPORT_KTX2_ZSTD=0'",
					BASISU_NO_ITERATOR_DEBUG_LEVEL,
					"'VULKAN_HPP_DISPATCH_LOADER_DYNAMIC=1'",
					"$(inherited)",
				);
				HEADER_SEARCH_PATHS = (
					./vox.render,
					./vox.math,
				);
				PRODUCT_NAME = "$(TARGET_NAME)";
				SKIP_INSTALL = YES;
				SYSTEM_HEADER_SEARCH_PATHS = (
					./third_party/vma/src,
					./third_party/volk,
					./third_party/vulkan/include,
					./third_party/spdlog/include,
					./third_party/glm,
					./third_party/glslang,
					./third_party/tinygltf,
					./third_party/cli11/include,
					./third_party/glfw/include,
					"./third_party/spirv-cross",
					./third_party/hwcpipe,
					./third_party/imgui,
					./third_party/astc/Source,
					./third_party/stb,
					./third_party/ktx/include,
					./third_party/CTPL,
					/usr/local/include,
				);
			};
			name = Debug;
		};
		047BB5DA2803A99E00CD5749 /* Release */ = {
			isa = XCBuildConfiguration;
			buildSettings = {
				CODE_SIGN_STYLE = Automatic;
				DEVELOPMENT_TEAM = 4SL5L673UU;
				EXECUTABLE_PREFIX = lib;
				GCC_ENABLE_CPP_EXCEPTIONS = YES;
				GCC_ENABLE_CPP_RTTI = YES;
				GCC_PREPROCESSOR_DEFINITIONS = (
					"'ROOT_PATH_SIZE=39'",
					VK_NO_PROTOTYPES,
					VK_USE_PLATFORM_METAL_EXT,
					LIBKTX,
					"'KTX_FEATURE_WRITE=0'",
					"'BASISD_SUPPORT_KTX2_ZSTD=0'",
					BASISU_NO_ITERATOR_DEBUG_LEVEL,
					"'VULKAN_HPP_DISPATCH_LOADER_DYNAMIC=1'",
					"$(inherited)",
				);
				HEADER_SEARCH_PATHS = (
					./vox.render,
					./vox.math,
				);
				PRODUCT_NAME = "$(TARGET_NAME)";
				SKIP_INSTALL = YES;
				SYSTEM_HEADER_SEARCH_PATHS = (
					./third_party/vma/src,
					./third_party/volk,
					./third_party/vulkan/include,
					./third_party/spdlog/include,
					./third_party/glm,
					./third_party/glslang,
					./third_party/tinygltf,
					./third_party/cli11/include,
					./third_party/glfw/include,
					"./third_party/spirv-cross",
					./third_party/hwcpipe,
					./third_party/imgui,
					./third_party/astc/Source,
					./third_party/stb,
					./third_party/ktx/include,
					./third_party/CTPL,
					/usr/local/include,
				);
			};
			name = Release;
		};
		047BB5E82803A9B700CD5749 /* Debug */ = {
			isa = XCBuildConfiguration;
			buildSettings = {
				CODE_SIGN_STYLE = Automatic;
				DEVELOPMENT_TEAM = 4SL5L673UU;
				EXECUTABLE_PREFIX = lib;
				GCC_ENABLE_CPP_EXCEPTIONS = YES;
				GCC_ENABLE_CPP_RTTI = YES;
				PRODUCT_NAME = "$(TARGET_NAME)";
				SKIP_INSTALL = YES;
			};
			name = Debug;
		};
		047BB5E92803A9B700CD5749 /* Release */ = {
			isa = XCBuildConfiguration;
			buildSettings = {
				CODE_SIGN_STYLE = Automatic;
				DEVELOPMENT_TEAM = 4SL5L673UU;
				EXECUTABLE_PREFIX = lib;
				GCC_ENABLE_CPP_EXCEPTIONS = YES;
				GCC_ENABLE_CPP_RTTI = YES;
				PRODUCT_NAME = "$(TARGET_NAME)";
				SKIP_INSTALL = YES;
			};
			name = Release;
		};
/* End XCBuildConfiguration section */

/* Begin XCConfigurationList section */
		047BB5BD2803A96500CD5749 /* Build configuration list for PBXProject "DigitalVox5" */ = {
			isa = XCConfigurationList;
			buildConfigurations = (
				047BB5C72803A96500CD5749 /* Debug */,
				047BB5C82803A96500CD5749 /* Release */,
			);
			defaultConfigurationIsVisible = 0;
			defaultConfigurationName = Release;
		};
		047BB5C92803A96500CD5749 /* Build configuration list for PBXNativeTarget "apps" */ = {
			isa = XCConfigurationList;
			buildConfigurations = (
				047BB5CA2803A96500CD5749 /* Debug */,
				047BB5CB2803A96500CD5749 /* Release */,
			);
			defaultConfigurationIsVisible = 0;
			defaultConfigurationName = Release;
		};
		047BB5D82803A99E00CD5749 /* Build configuration list for PBXNativeTarget "vox.render" */ = {
			isa = XCConfigurationList;
			buildConfigurations = (
				047BB5D92803A99E00CD5749 /* Debug */,
				047BB5DA2803A99E00CD5749 /* Release */,
			);
			defaultConfigurationIsVisible = 0;
			defaultConfigurationName = Release;
		};
		047BB5E72803A9B700CD5749 /* Build configuration list for PBXNativeTarget "vox.math" */ = {
			isa = XCConfigurationList;
			buildConfigurations = (
				047BB5E82803A9B700CD5749 /* Debug */,
				047BB5E92803A9B700CD5749 /* Release */,
			);
			defaultConfigurationIsVisible = 0;
			defaultConfigurationName = Release;
		};
/* End XCConfigurationList section */
	};
	rootObject = 047BB5BA2803A96500CD5749 /* Project object */;
}
